// !$*UTF8*$!
{
	archiveVersion = 1;
	classes = {
	};
	objectVersion = 90;
	objects = {

/* Begin PBXBuildFile section */
		BA1979422B741F7F00C0EDF6 /* TokenEditView.swift in Sources */ = {isa = PBXBuildFile; fileRef = BA1979412B741F7F00C0EDF6 /* TokenEditView.swift */; };
		BA4EF7A92D88AB6300D2D50D /* TokenDetailView.swift in Sources */ = {isa = PBXBuildFile; fileRef = BA4EF7A82D88AB6300D2D50D /* TokenDetailView.swift */; };
		BA5F7B4C2B8592B500C343E8 /* LaunchScreen.storyboard in Resources */ = {isa = PBXBuildFile; fileRef = BA5F7B4B2B8592B500C343E8 /* LaunchScreen.storyboard */; };
		BA7B04FA2D862F0E00F882BE /* BiometricManager.swift in Sources */ = {isa = PBXBuildFile; fileRef = BA7B04F92D862F0E00F882BE /* BiometricManager.swift */; };
		BA7B04FC2D8631CB00F882BE /* BiometricVerificationSheet.swift in Sources */ = {isa = PBXBuildFile; fileRef = BA7B04FB2D8631CB00F882BE /* BiometricVerificationSheet.swift */; };
		BA8641FC2B73E9BC00285F4D /* AuthApp.swift in Sources */ = {isa = PBXBuildFile; fileRef = BA8641FB2B73E9BC00285F4D /* AuthApp.swift */; };
		BA8642002B73E9BE00285F4D /* Assets.xcassets in Resources */ = {isa = PBXBuildFile; fileRef = BA8641FF2B73E9BE00285F4D /* Assets.xcassets */; };
		BA8642032B73E9BE00285F4D /* Preview Assets.xcassets in Resources */ = {isa = PBXBuildFile; fileRef = BA8642022B73E9BE00285F4D /* Preview Assets.xcassets */; };
		BA8642052B73E9BE00285F4D /* Persistence.swift in Sources */ = {isa = PBXBuildFile; fileRef = BA8642042B73E9BE00285F4D /* Persistence.swift */; };
		BA8642082B73E9BE00285F4D /* Auth.xcdatamodeld in Sources */ = {isa = PBXBuildFile; fileRef = BA8642062B73E9BE00285F4D /* Auth.xcdatamodeld */; };
		BA8642322B73EDBA00285F4D /* InputPasscodeView.swift in Sources */ = {isa = PBXBuildFile; fileRef = BA86422F2B73EDBA00285F4D /* InputPasscodeView.swift */; };
		BA8642332B73EDBA00285F4D /* LockScreenView.swift in Sources */ = {isa = PBXBuildFile; fileRef = BA8642302B73EDBA00285F4D /* LockScreenView.swift */; };
		BA8642342B73EDBA00285F4D /* SetPasscodeView.swift in Sources */ = {isa = PBXBuildFile; fileRef = BA8642312B73EDBA00285F4D /* SetPasscodeView.swift */; };
		BA8642392B73EDC700285F4D /* OTPGenerator.swift in Sources */ = {isa = PBXBuildFile; fileRef = BA8642352B73EDC700285F4D /* OTPGenerator.swift */; };
		BA86423B2B73EDC700285F4D /* Credential.swift in Sources */ = {isa = PBXBuildFile; fileRef = BA8642372B73EDC700285F4D /* Credential.swift */; };
		BA86423C2B73EDC700285F4D /* Token.swift in Sources */ = {isa = PBXBuildFile; fileRef = BA8642382B73EDC700285F4D /* Token.swift */; };
		BA8642432B73EDE300285F4D /* KeychainManager.swift in Sources */ = {isa = PBXBuildFile; fileRef = BA86423E2B73EDE300285F4D /* KeychainManager.swift */; };
		BA8642442B73EDE300285F4D /* BiometricAuth.swift in Sources */ = {isa = PBXBuildFile; fileRef = BA86423F2B73EDE300285F4D /* BiometricAuth.swift */; };
		BA8642452B73EDE300285F4D /* ActivityView.swift in Sources */ = {isa = PBXBuildFile; fileRef = BA8642402B73EDE300285F4D /* ActivityView.swift */; };
		BA8642462B73EDE300285F4D /* View+copiedBanner.swift in Sources */ = {isa = PBXBuildFile; fileRef = BA8642412B73EDE300285F4D /* View+copiedBanner.swift */; };
		BA8642552B73EE5300285F4D /* ExportView.swift in Sources */ = {isa = PBXBuildFile; fileRef = BA8642532B73EE5300285F4D /* ExportView.swift */; };
		BA8642562B73EE5300285F4D /* SettingsView.swift in Sources */ = {isa = PBXBuildFile; fileRef = BA8642542B73EE5300285F4D /* SettingsView.swift */; };
		BA8642582B73EE6700285F4D /* ImportView.swift in Sources */ = {isa = PBXBuildFile; fileRef = BA8642572B73EE6700285F4D /* ImportView.swift */; };
		BA86425D2B73EE8600285F4D /* StringExtensions.swift in Sources */ = {isa = PBXBuildFile; fileRef = BA86425A2B73EE8600285F4D /* StringExtensions.swift */; };
		BA86425E2B73EE8600285F4D /* DateExtensions.swift in Sources */ = {isa = PBXBuildFile; fileRef = BA86425B2B73EE8600285F4D /* DateExtensions.swift */; };
		BA86425F2B73EE8600285F4D /* URLExtensions.swift in Sources */ = {isa = PBXBuildFile; fileRef = BA86425C2B73EE8600285F4D /* URLExtensions.swift */; };
		BA8642632B73EECE00285F4D /* TokenView.swift in Sources */ = {isa = PBXBuildFile; fileRef = BA8642602B73EECD00285F4D /* TokenView.swift */; };
		BA8642642B73EECE00285F4D /* CodeScannerView.swift in Sources */ = {isa = PBXBuildFile; fileRef = BA8642612B73EECD00285F4D /* CodeScannerView.swift */; };
		BA86426E2B73EF4900285F4D /* SwiftOTP in Frameworks */ = {isa = PBXBuildFile; productRef = BA86426D2B73EF4800285F4D /* SwiftOTP */; };
		BA8642772B73F33000285F4D /* Images.xcassets in Resources */ = {isa = PBXBuildFile; fileRef = BA8642762B73F33000285F4D /* Images.xcassets */; };
		BA86427B2B73FACD00285F4D /* ContentView.swift in Sources */ = {isa = PBXBuildFile; fileRef = BA86427A2B73FACD00285F4D /* ContentView.swift */; };
		BA86E0442B77058000F57F66 /* BackUpItem.swift in Sources */ = {isa = PBXBuildFile; fileRef = BA86E0432B77058000F57F66 /* BackUpItem.swift */; };
		BA86E0472B77097B00F57F66 /* iCloudManager.swift in Sources */ = {isa = PBXBuildFile; fileRef = BA86E0462B77097B00F57F66 /* iCloudManager.swift */; };
		BAEDE38C2D8DD2660096CB8E /* ManualTokenEntryView.swift in Sources */ = {isa = PBXBuildFile; fileRef = BAEDE38B2D8DD2650096CB8E /* ManualTokenEntryView.swift */; };
		BAEDE4092D8E4ADC0096CB8E /* CryptoSwift in Frameworks */ = {isa = PBXBuildFile; productRef = BAEDE4082D8E4ADC0096CB8E /* CryptoSwift */; };
		BAEDE40C2D8E4B5B0096CB8E /* KeychainSwift in Frameworks */ = {isa = PBXBuildFile; productRef = BAEDE40B2D8E4B5B0096CB8E /* KeychainSwift */; };
		BAEDE4172D8F06560096CB8E /* TokenSearchView.swift in Sources */ = {isa = PBXBuildFile; fileRef = BAEDE4162D8F06560096CB8E /* TokenSearchView.swift */; };
		BAEDE4222D8F660C0096CB8E /* GoogleService-Info.plist in Resources */ = {isa = PBXBuildFile; fileRef = BAEDE4212D8F660C0096CB8E /* GoogleService-Info.plist */; };
		BAEDE4232D8F660C0096CB8E /* GoogleService-Info.plist in Resources */ = {isa = PBXBuildFile; fileRef = BAEDE4212D8F660C0096CB8E /* GoogleService-Info.plist */; };
		BAEDE4242D8F660C0096CB8E /* GoogleService-Info.plist in Resources */ = {isa = PBXBuildFile; fileRef = BAEDE4212D8F660C0096CB8E /* GoogleService-Info.plist */; };
		BAEDE4252D8F660C0096CB8E /* GoogleService-Info.plist in Resources */ = {isa = PBXBuildFile; fileRef = BAEDE4212D8F660C0096CB8E /* GoogleService-Info.plist */; };
		BAEDE42F2D8F68EB0096CB8E /* FirebaseAnalyticsWithoutAdIdSupport in Frameworks */ = {isa = PBXBuildFile; productRef = BAEDE42E2D8F68EB0096CB8E /* FirebaseAnalyticsWithoutAdIdSupport */; };
		BAEDE4312D8F68EB0096CB8E /* FirebaseCrashlytics in Frameworks */ = {isa = PBXBuildFile; productRef = BAEDE4302D8F68EB0096CB8E /* FirebaseCrashlytics */; };
		BAEDE4332D8F68EB0096CB8E /* FirebasePerformance in Frameworks */ = {isa = PBXBuildFile; productRef = BAEDE4322D8F68EB0096CB8E /* FirebasePerformance */; };
		BAEDE4372D8FC79B0096CB8E /* AnalyticsService.swift in Sources */ = {isa = PBXBuildFile; fileRef = BAEDE4352D8FC79A0096CB8E /* AnalyticsService.swift */; };
		BAEDE4392D91D9790096CB8E /* ChangePasscodeView.swift in Sources */ = {isa = PBXBuildFile; fileRef = BAEDE4382D91D9790096CB8E /* ChangePasscodeView.swift */; };
		BAEDE43B2D91EFEF0096CB8E /* LockScreenOverlay.swift in Sources */ = {isa = PBXBuildFile; fileRef = BAEDE43A2D91EFEF0096CB8E /* LockScreenOverlay.swift */; };
/* End PBXBuildFile section */

/* Begin PBXContainerItemProxy section */
		BA7B05362D866E2600F882BE /* PBXContainerItemProxy */ = {
			isa = PBXContainerItemProxy;
			containerPortal = BA8641F02B73E9BC00285F4D /* Project object */;
			proxyType = 1;
			remoteGlobalIDString = BA8641F72B73E9BC00285F4D;
			remoteInfo = Authenticator;
		};
		BA7B05452D867CB200F882BE /* PBXContainerItemProxy */ = {
			isa = PBXContainerItemProxy;
			containerPortal = BA8641F02B73E9BC00285F4D /* Project object */;
			proxyType = 1;
			remoteGlobalIDString = BA8641F72B73E9BC00285F4D;
			remoteInfo = Authenticator;
		};
		BAE62D202D88755E00202D5A /* PBXContainerItemProxy */ = {
			isa = PBXContainerItemProxy;
			containerPortal = BA8641F02B73E9BC00285F4D /* Project object */;
			proxyType = 1;
			remoteGlobalIDString = BA8641F72B73E9BC00285F4D;
			remoteInfo = Authenticator;
		};
/* End PBXContainerItemProxy section */

/* Begin PBXFileReference section */
		BA1979412B741F7F00C0EDF6 /* TokenEditView.swift */ = {isa = PBXFileReference; lastKnownFileType = sourcecode.swift; path = TokenEditView.swift; sourceTree = "<group>"; };
		BA1B19A32B868B840044E434 /* Authenticator.entitlements */ = {isa = PBXFileReference; fileEncoding = 4; lastKnownFileType = text.plist.entitlements; path = Authenticator.entitlements; sourceTree = "<group>"; };
		BA1B19CB2B86AB860044E434 /* Authenticator-Info.plist */ = {isa = PBXFileReference; lastKnownFileType = text.plist.xml; path = "Authenticator-Info.plist"; sourceTree = "<group>"; };
		BA4EF7722D8876EB00D2D50D /* Authenticator.app */ = {isa = PBXFileReference; explicitFileType = wrapper.application; includeInIndex = 0; path = Authenticator.app; sourceTree = BUILT_PRODUCTS_DIR; };
		BA4EF7732D8876EB00D2D50D /* AuthenticatorUnitTests.xctest */ = {isa = PBXFileReference; explicitFileType = wrapper.cfbundle; includeInIndex = 0; path = AuthenticatorUnitTests.xctest; sourceTree = BUILT_PRODUCTS_DIR; };
		BA4EF7742D8876EB00D2D50D /* AuthenticatorUITests.xctest */ = {isa = PBXFileReference; explicitFileType = wrapper.cfbundle; includeInIndex = 0; path = AuthenticatorUITests.xctest; sourceTree = BUILT_PRODUCTS_DIR; };
		BA4EF7752D8876EB00D2D50D /* AuthenticatorPerformanceTests.xctest */ = {isa = PBXFileReference; explicitFileType = wrapper.cfbundle; includeInIndex = 0; path = AuthenticatorPerformanceTests.xctest; sourceTree = BUILT_PRODUCTS_DIR; };
		BA4EF7A72D88A52F00D2D50D /* README.md */ = {isa = PBXFileReference; lastKnownFileType = net.daringfireball.markdown; path = README.md; sourceTree = "<group>"; };
		BA4EF7A82D88AB6300D2D50D /* TokenDetailView.swift */ = {isa = PBXFileReference; lastKnownFileType = sourcecode.swift; path = TokenDetailView.swift; sourceTree = "<group>"; };
		BA5F7B4B2B8592B500C343E8 /* LaunchScreen.storyboard */ = {isa = PBXFileReference; lastKnownFileType = file.storyboard; path = LaunchScreen.storyboard; sourceTree = "<group>"; };
		BA7B04F92D862F0E00F882BE /* BiometricManager.swift */ = {isa = PBXFileReference; lastKnownFileType = sourcecode.swift; path = BiometricManager.swift; sourceTree = "<group>"; };
		BA7B04FB2D8631CB00F882BE /* BiometricVerificationSheet.swift */ = {isa = PBXFileReference; lastKnownFileType = sourcecode.swift; path = BiometricVerificationSheet.swift; sourceTree = "<group>"; };
		BA8641FB2B73E9BC00285F4D /* AuthApp.swift */ = {isa = PBXFileReference; lastKnownFileType = sourcecode.swift; path = AuthApp.swift; sourceTree = "<group>"; };
		BA8641FF2B73E9BE00285F4D /* Assets.xcassets */ = {isa = PBXFileReference; lastKnownFileType = folder.assetcatalog; path = Assets.xcassets; sourceTree = "<group>"; };
		BA8642022B73E9BE00285F4D /* Preview Assets.xcassets */ = {isa = PBXFileReference; lastKnownFileType = folder.assetcatalog; path = "Preview Assets.xcassets"; sourceTree = "<group>"; };
		BA8642042B73E9BE00285F4D /* Persistence.swift */ = {isa = PBXFileReference; lastKnownFileType = sourcecode.swift; path = Persistence.swift; sourceTree = "<group>"; };
		BA8642072B73E9BE00285F4D /* Auth.xcdatamodel */ = {isa = PBXFileReference; lastKnownFileType = wrapper.xcdatamodel; path = Auth.xcdatamodel; sourceTree = "<group>"; };
		BA86422F2B73EDBA00285F4D /* InputPasscodeView.swift */ = {isa = PBXFileReference; fileEncoding = 4; lastKnownFileType = sourcecode.swift; path = InputPasscodeView.swift; sourceTree = "<group>"; };
		BA8642302B73EDBA00285F4D /* LockScreenView.swift */ = {isa = PBXFileReference; fileEncoding = 4; lastKnownFileType = sourcecode.swift; path = LockScreenView.swift; sourceTree = "<group>"; };
		BA8642312B73EDBA00285F4D /* SetPasscodeView.swift */ = {isa = PBXFileReference; fileEncoding = 4; lastKnownFileType = sourcecode.swift; path = SetPasscodeView.swift; sourceTree = "<group>"; };
		BA8642352B73EDC700285F4D /* OTPGenerator.swift */ = {isa = PBXFileReference; fileEncoding = 4; lastKnownFileType = sourcecode.swift; path = OTPGenerator.swift; sourceTree = "<group>"; };
		BA8642372B73EDC700285F4D /* Credential.swift */ = {isa = PBXFileReference; fileEncoding = 4; lastKnownFileType = sourcecode.swift; path = Credential.swift; sourceTree = "<group>"; };
		BA8642382B73EDC700285F4D /* Token.swift */ = {isa = PBXFileReference; fileEncoding = 4; lastKnownFileType = sourcecode.swift; path = Token.swift; sourceTree = "<group>"; };
		BA86423E2B73EDE300285F4D /* KeychainManager.swift */ = {isa = PBXFileReference; fileEncoding = 4; lastKnownFileType = sourcecode.swift; path = KeychainManager.swift; sourceTree = "<group>"; };
		BA86423F2B73EDE300285F4D /* BiometricAuth.swift */ = {isa = PBXFileReference; fileEncoding = 4; lastKnownFileType = sourcecode.swift; path = BiometricAuth.swift; sourceTree = "<group>"; };
		BA8642402B73EDE300285F4D /* ActivityView.swift */ = {isa = PBXFileReference; fileEncoding = 4; lastKnownFileType = sourcecode.swift; path = ActivityView.swift; sourceTree = "<group>"; };
		BA8642412B73EDE300285F4D /* View+copiedBanner.swift */ = {isa = PBXFileReference; fileEncoding = 4; lastKnownFileType = sourcecode.swift; path = "View+copiedBanner.swift"; sourceTree = "<group>"; };
		BA8642532B73EE5300285F4D /* ExportView.swift */ = {isa = PBXFileReference; fileEncoding = 4; lastKnownFileType = sourcecode.swift; path = ExportView.swift; sourceTree = "<group>"; };
		BA8642542B73EE5300285F4D /* SettingsView.swift */ = {isa = PBXFileReference; fileEncoding = 4; lastKnownFileType = sourcecode.swift; path = SettingsView.swift; sourceTree = "<group>"; };
		BA8642572B73EE6700285F4D /* ImportView.swift */ = {isa = PBXFileReference; lastKnownFileType = sourcecode.swift; path = ImportView.swift; sourceTree = "<group>"; };
		BA86425A2B73EE8600285F4D /* StringExtensions.swift */ = {isa = PBXFileReference; fileEncoding = 4; lastKnownFileType = sourcecode.swift; path = StringExtensions.swift; sourceTree = "<group>"; };
		BA86425B2B73EE8600285F4D /* DateExtensions.swift */ = {isa = PBXFileReference; fileEncoding = 4; lastKnownFileType = sourcecode.swift; path = DateExtensions.swift; sourceTree = "<group>"; };
		BA86425C2B73EE8600285F4D /* URLExtensions.swift */ = {isa = PBXFileReference; fileEncoding = 4; lastKnownFileType = sourcecode.swift; path = URLExtensions.swift; sourceTree = "<group>"; };
		BA8642602B73EECD00285F4D /* TokenView.swift */ = {isa = PBXFileReference; fileEncoding = 4; lastKnownFileType = sourcecode.swift; path = TokenView.swift; sourceTree = "<group>"; };
		BA8642612B73EECD00285F4D /* CodeScannerView.swift */ = {isa = PBXFileReference; fileEncoding = 4; lastKnownFileType = sourcecode.swift; path = CodeScannerView.swift; sourceTree = "<group>"; };
		BA8642762B73F33000285F4D /* Images.xcassets */ = {isa = PBXFileReference; lastKnownFileType = folder.assetcatalog; path = Images.xcassets; sourceTree = "<group>"; };
		BA86427A2B73FACD00285F4D /* ContentView.swift */ = {isa = PBXFileReference; fileEncoding = 4; lastKnownFileType = sourcecode.swift; path = ContentView.swift; sourceTree = "<group>"; };
		BA86E0432B77058000F57F66 /* BackUpItem.swift */ = {isa = PBXFileReference; lastKnownFileType = sourcecode.swift; path = BackUpItem.swift; sourceTree = "<group>"; };
		BA86E0462B77097B00F57F66 /* iCloudManager.swift */ = {isa = PBXFileReference; lastKnownFileType = sourcecode.swift; path = iCloudManager.swift; sourceTree = "<group>"; };
		BA93CBD22E54DD4A003D7BE7 /* LICENSE.md */ = {isa = PBXFileReference; lastKnownFileType = net.daringfireball.markdown; path = LICENSE.md; sourceTree = "<group>"; };
		BAEDE38B2D8DD2650096CB8E /* ManualTokenEntryView.swift */ = {isa = PBXFileReference; lastKnownFileType = sourcecode.swift; path = ManualTokenEntryView.swift; sourceTree = "<group>"; };
		BAEDE4162D8F06560096CB8E /* TokenSearchView.swift */ = {isa = PBXFileReference; lastKnownFileType = sourcecode.swift; path = TokenSearchView.swift; sourceTree = "<group>"; };
		BAEDE4212D8F660C0096CB8E /* GoogleService-Info.plist */ = {isa = PBXFileReference; lastKnownFileType = text.plist.xml; path = "GoogleService-Info.plist"; sourceTree = "<group>"; };
		BAEDE4352D8FC79A0096CB8E /* AnalyticsService.swift */ = {isa = PBXFileReference; lastKnownFileType = sourcecode.swift; path = AnalyticsService.swift; sourceTree = "<group>"; };
		BAEDE4382D91D9790096CB8E /* ChangePasscodeView.swift */ = {isa = PBXFileReference; lastKnownFileType = sourcecode.swift; path = ChangePasscodeView.swift; sourceTree = "<group>"; };
		BAEDE43A2D91EFEF0096CB8E /* LockScreenOverlay.swift */ = {isa = PBXFileReference; lastKnownFileType = sourcecode.swift; path = LockScreenOverlay.swift; sourceTree = "<group>"; };
		BAEDE53D2D945EBA0096CB8E /* EULA */ = {isa = PBXFileReference; lastKnownFileType = text; path = EULA; sourceTree = "<group>"; };
		BAEDE53E2D945EBA0096CB8E /* PrivacyPolicy */ = {isa = PBXFileReference; lastKnownFileType = text; path = PrivacyPolicy; sourceTree = "<group>"; };
		BAEDE53F2D945EBA0096CB8E /* Terms */ = {isa = PBXFileReference; lastKnownFileType = text; path = Terms; sourceTree = "<group>"; };
/* End PBXFileReference section */

/* Begin PBXFileSystemSynchronizedBuildFileExceptionSet section */
		BA115A962E55161600027680 /* Exceptions for "Tests" folder in "AuthenticatorPerformanceTests" target */ = {
			isa = PBXFileSystemSynchronizedBuildFileExceptionSet;
			membershipExceptions = (
				PerformanceTests/TokenPerformanceTests.swift,
				PerformanceTests/TOTPPerformanceTests.swift,
			);
			target = BAE62D1B2D88755D00202D5A /* AuthenticatorPerformanceTests */;
		};
		BA115A992E55162700027680 /* Exceptions for "Tests" folder in "AuthenticatorUITests" target */ = {
			isa = PBXFileSystemSynchronizedBuildFileExceptionSet;
			membershipExceptions = (
				UITests/AuthenticatorAuthTests.swift,
				UITests/AuthenticatorManualTokenTests.swift,
				UITests/AuthenticatorNavigationTests.swift,
				UITests/AuthenticatorScanTokenTests.swift,
				UITests/AuthenticatorSearchTests.swift,
				UITests/AuthenticatorSettingsTests.swift,
			);
			target = BA7B053E2D867CB200F882BE /* AuthenticatorUITests */;
		};
		BA115AA02E55164E00027680 /* Exceptions for "Tests" folder in "AuthenticatorUnitTests" target */ = {
			isa = PBXFileSystemSynchronizedBuildFileExceptionSet;
			membershipExceptions = (
				UnitTests/OTPTests.swift,
				UnitTests/TokenTests.swift,
			);
			target = BA7B05312D866E2600F882BE /* AuthenticatorUnitTests */;
		};
/* End PBXFileSystemSynchronizedBuildFileExceptionSet section */

/* Begin PBXFileSystemSynchronizedRootGroup section */
		BA93CBB92E54DBDA003D7BE7 /* Tests */ = {
			isa = PBXFileSystemSynchronizedRootGroup;
			exceptions = (
				BA115AA02E55164E00027680 /* Exceptions for "Tests" folder in "AuthenticatorUnitTests" target */,
				BA115A992E55162700027680 /* Exceptions for "Tests" folder in "AuthenticatorUITests" target */,
				BA115A962E55161600027680 /* Exceptions for "Tests" folder in "AuthenticatorPerformanceTests" target */,
			);
			path = Tests;
			sourceTree = "<group>";
		};
		BAEDE53B2D9347650096CB8E /* TestPlans */ = {
			isa = PBXFileSystemSynchronizedRootGroup;
			path = TestPlans;
			sourceTree = "<group>";
		};
/* End PBXFileSystemSynchronizedRootGroup section */

/* Begin PBXFrameworksBuildPhase section */
		BA7B052F2D866E2600F882BE /* Frameworks */ = {
			isa = PBXFrameworksBuildPhase;
			files = (
			);
		};
		BA7B053C2D867CB200F882BE /* Frameworks */ = {
			isa = PBXFrameworksBuildPhase;
			files = (
			);
		};
		BA8641F52B73E9BC00285F4D /* Frameworks */ = {
			isa = PBXFrameworksBuildPhase;
			files = (
				BA86426E2B73EF4900285F4D /* SwiftOTP in Frameworks */,
				BAEDE40C2D8E4B5B0096CB8E /* KeychainSwift in Frameworks */,
				BAEDE4332D8F68EB0096CB8E /* FirebasePerformance in Frameworks */,
				BAEDE4312D8F68EB0096CB8E /* FirebaseCrashlytics in Frameworks */,
				BAEDE4092D8E4ADC0096CB8E /* CryptoSwift in Frameworks */,
				BAEDE42F2D8F68EB0096CB8E /* FirebaseAnalyticsWithoutAdIdSupport in Frameworks */,
			);
		};
		BAE62D192D88755D00202D5A /* Frameworks */ = {
			isa = PBXFrameworksBuildPhase;
			files = (
			);
		};
/* End PBXFrameworksBuildPhase section */

/* Begin PBXGroup section */
		BA4EF7A62D88939D00D2D50D /* Main */ = {
			isa = PBXGroup;
			children = (
				BAEDE4162D8F06560096CB8E /* TokenSearchView.swift */,
				BA86427A2B73FACD00285F4D /* ContentView.swift */,
				BA8641FB2B73E9BC00285F4D /* AuthApp.swift */,
			);
			path = Main;
			sourceTree = "<group>";
		};
		BA8641EF2B73E9BC00285F4D = {
			isa = PBXGroup;
			children = (
				BAEDE5472D945ED00096CB8E /* Images */,
				BAEDE5402D945EBA0096CB8E /* Docs */,
				BAEDE53C2D9457E70096CB8E /* Config */,
				BAEDE53B2D9347650096CB8E /* TestPlans */,
				BA93CBB92E54DBDA003D7BE7 /* Tests */,
				BA4EF7A72D88A52F00D2D50D /* README.md */,
				BA93CBD22E54DD4A003D7BE7 /* LICENSE.md */,
				BA1B19A32B868B840044E434 /* Authenticator.entitlements */,
				BA8641FA2B73E9BC00285F4D /* Auth */,
				BA4EF7722D8876EB00D2D50D /* Authenticator.app */,
				BA4EF7732D8876EB00D2D50D /* AuthenticatorUnitTests.xctest */,
				BA4EF7742D8876EB00D2D50D /* AuthenticatorUITests.xctest */,
				BA4EF7752D8876EB00D2D50D /* AuthenticatorPerformanceTests.xctest */,
				BAEDE4062D8E48C70096CB8E /* Frameworks */,
			);
			sourceTree = "<group>";
		};
		BA8641FA2B73E9BC00285F4D /* Auth */ = {
			isa = PBXGroup;
			children = (
				BAEDE4362D8FC79A0096CB8E /* Services */,
				BA86422C2B73EA3E00285F4D /* Controller */,
				BA8642592B73EE7800285F4D /* Extensions */,
				BA86422A2B73EA3000285F4D /* Model */,
				BA86422D2B73EADB00285F4D /* Persistence */,
				BA8642012B73E9BE00285F4D /* Preview Content */,
				BA86422E2B73EAF200285F4D /* SupportFiles */,
				BA86422B2B73EA3800285F4D /* View */,
			);
			path = Auth;
			sourceTree = "<group>";
		};
		BA8642012B73E9BE00285F4D /* Preview Content */ = {
			isa = PBXGroup;
			children = (
				BA8642022B73E9BE00285F4D /* Preview Assets.xcassets */,
			);
			path = "Preview Content";
			sourceTree = "<group>";
		};
		BA86422A2B73EA3000285F4D /* Model */ = {
			isa = PBXGroup;
			children = (
				BA7B04F92D862F0E00F882BE /* BiometricManager.swift */,
				BA8642352B73EDC700285F4D /* OTPGenerator.swift */,
				BA8642382B73EDC700285F4D /* Token.swift */,
				BA8642372B73EDC700285F4D /* Credential.swift */,
				BA86E0432B77058000F57F66 /* BackUpItem.swift */,
			);
			path = Model;
			sourceTree = "<group>";
		};
		BA86422B2B73EA3800285F4D /* View */ = {
			isa = PBXGroup;
			children = (
				BAEDE3862D8DA94B0096CB8E /* Scanner */,
				BA8642482B73EE0600285F4D /* Tokens */,
				BA8642472B73EDF800285F4D /* LockScreen */,
				BA4EF7A62D88939D00D2D50D /* Main */,
				BA86424A2B73EE1C00285F4D /* Settings */,
			);
			path = View;
			sourceTree = "<group>";
		};
		BA86422C2B73EA3E00285F4D /* Controller */ = {
			isa = PBXGroup;
			children = (
				BA86423E2B73EDE300285F4D /* KeychainManager.swift */,
				BA86E0462B77097B00F57F66 /* iCloudManager.swift */,
				BA8642402B73EDE300285F4D /* ActivityView.swift */,
				BA86423F2B73EDE300285F4D /* BiometricAuth.swift */,
				BA8642412B73EDE300285F4D /* View+copiedBanner.swift */,
			);
			path = Controller;
			sourceTree = "<group>";
		};
		BA86422D2B73EADB00285F4D /* Persistence */ = {
			isa = PBXGroup;
			children = (
				BA8642062B73E9BE00285F4D /* Auth.xcdatamodeld */,
				BA8642042B73E9BE00285F4D /* Persistence.swift */,
			);
			path = Persistence;
			sourceTree = "<group>";
		};
		BA86422E2B73EAF200285F4D /* SupportFiles */ = {
			isa = PBXGroup;
			children = (
				BA8641FF2B73E9BE00285F4D /* Assets.xcassets */,
				BA8642762B73F33000285F4D /* Images.xcassets */,
				BA5F7B4B2B8592B500C343E8 /* LaunchScreen.storyboard */,
			);
			path = SupportFiles;
			sourceTree = "<group>";
		};
		BA8642472B73EDF800285F4D /* LockScreen */ = {
			isa = PBXGroup;
			children = (
				BAEDE43A2D91EFEF0096CB8E /* LockScreenOverlay.swift */,
				BA8642302B73EDBA00285F4D /* LockScreenView.swift */,
				BA8642312B73EDBA00285F4D /* SetPasscodeView.swift */,
				BA86422F2B73EDBA00285F4D /* InputPasscodeView.swift */,
			);
			path = LockScreen;
			sourceTree = "<group>";
		};
		BA8642482B73EE0600285F4D /* Tokens */ = {
			isa = PBXGroup;
			children = (
				BA4EF7A82D88AB6300D2D50D /* TokenDetailView.swift */,
				BA8642602B73EECD00285F4D /* TokenView.swift */,
				BA1979412B741F7F00C0EDF6 /* TokenEditView.swift */,
			);
			path = Tokens;
			sourceTree = "<group>";
		};
		BA86424A2B73EE1C00285F4D /* Settings */ = {
			isa = PBXGroup;
			children = (
				BAEDE4382D91D9790096CB8E /* ChangePasscodeView.swift */,
				BA7B04FB2D8631CB00F882BE /* BiometricVerificationSheet.swift */,
				BA8642542B73EE5300285F4D /* SettingsView.swift */,
				BA8642572B73EE6700285F4D /* ImportView.swift */,
				BA8642532B73EE5300285F4D /* ExportView.swift */,
			);
			path = Settings;
			sourceTree = "<group>";
		};
		BA8642592B73EE7800285F4D /* Extensions */ = {
			isa = PBXGroup;
			children = (
				BA86425B2B73EE8600285F4D /* DateExtensions.swift */,
				BA86425A2B73EE8600285F4D /* StringExtensions.swift */,
				BA86425C2B73EE8600285F4D /* URLExtensions.swift */,
			);
			path = Extensions;
			sourceTree = "<group>";
		};
		BAEDE3862D8DA94B0096CB8E /* Scanner */ = {
			isa = PBXGroup;
			children = (
				BAEDE38B2D8DD2650096CB8E /* ManualTokenEntryView.swift */,
				BA8642612B73EECD00285F4D /* CodeScannerView.swift */,
			);
			path = Scanner;
			sourceTree = "<group>";
		};
		BAEDE4062D8E48C70096CB8E /* Frameworks */ = {
			isa = PBXGroup;
			children = (
			);
			name = Frameworks;
			sourceTree = "<group>";
		};
		BAEDE4362D8FC79A0096CB8E /* Services */ = {
			isa = PBXGroup;
			children = (
				BAEDE4352D8FC79A0096CB8E /* AnalyticsService.swift */,
			);
			path = Services;
			sourceTree = "<group>";
		};
		BAEDE53C2D9457E70096CB8E /* Config */ = {
			isa = PBXGroup;
			children = (
				BA1B19CB2B86AB860044E434 /* Authenticator-Info.plist */,
				BAEDE4212D8F660C0096CB8E /* GoogleService-Info.plist */,
			);
			path = Config;
			sourceTree = "<group>";
		};
		BAEDE5402D945EBA0096CB8E /* Docs */ = {
			isa = PBXGroup;
			children = (
				BAEDE53D2D945EBA0096CB8E /* EULA */,
				BAEDE53E2D945EBA0096CB8E /* PrivacyPolicy */,
				BAEDE53F2D945EBA0096CB8E /* Terms */,
			);
			path = Docs;
			sourceTree = "<group>";
		};
		BAEDE5472D945ED00096CB8E /* Images */ = {
			isa = PBXGroup;
			children = (
			);
			path = Images;
			sourceTree = "<group>";
		};
/* End PBXGroup section */

/* Begin PBXNativeTarget section */
		BA7B05312D866E2600F882BE /* AuthenticatorUnitTests */ = {
			isa = PBXNativeTarget;
			buildConfigurationList = BA7B05382D866E2600F882BE /* Build configuration list for PBXNativeTarget "AuthenticatorUnitTests" */;
			buildPhases = (
				BA7B052E2D866E2600F882BE /* Sources */,
				BA7B052F2D866E2600F882BE /* Frameworks */,
				BA7B05302D866E2600F882BE /* Resources */,
			);
			buildRules = (
			);
			dependencies = (
				BA7B05372D866E2600F882BE /* PBXTargetDependency */,
			);
			name = AuthenticatorUnitTests;
			productName = AuthenticatorUnitTests;
			productReference = BA4EF7732D8876EB00D2D50D /* AuthenticatorUnitTests.xctest */;
			productType = "com.apple.product-type.bundle.unit-test";
		};
		BA7B053E2D867CB200F882BE /* AuthenticatorUITests */ = {
			isa = PBXNativeTarget;
			buildConfigurationList = BA7B05472D867CB200F882BE /* Build configuration list for PBXNativeTarget "AuthenticatorUITests" */;
			buildPhases = (
				BA7B053B2D867CB200F882BE /* Sources */,
				BA7B053C2D867CB200F882BE /* Frameworks */,
				BA7B053D2D867CB200F882BE /* Resources */,
			);
			buildRules = (
			);
			dependencies = (
				BA7B05462D867CB200F882BE /* PBXTargetDependency */,
			);
			name = AuthenticatorUITests;
			productName = AuthenticatorUITests;
			productReference = BA4EF7742D8876EB00D2D50D /* AuthenticatorUITests.xctest */;
			productType = "com.apple.product-type.bundle.ui-testing";
		};
		BA8641F72B73E9BC00285F4D /* Authenticator */ = {
			isa = PBXNativeTarget;
			buildConfigurationList = BA8642212B73E9BF00285F4D /* Build configuration list for PBXNativeTarget "Authenticator" */;
			buildPhases = (
				BA8641F42B73E9BC00285F4D /* Sources */,
				BA8641F52B73E9BC00285F4D /* Frameworks */,
				BA8641F62B73E9BC00285F4D /* Resources */,
				BAEDE4342D8F6EAE0096CB8E /* ShellScript */,
			);
			buildRules = (
			);
			name = Authenticator;
			packageProductDependencies = (
				BA86426D2B73EF4800285F4D /* SwiftOTP */,
				BAEDE4082D8E4ADC0096CB8E /* CryptoSwift */,
				BAEDE40B2D8E4B5B0096CB8E /* KeychainSwift */,
				BAEDE42E2D8F68EB0096CB8E /* FirebaseAnalyticsWithoutAdIdSupport */,
				BAEDE4302D8F68EB0096CB8E /* FirebaseCrashlytics */,
				BAEDE4322D8F68EB0096CB8E /* FirebasePerformance */,
			);
			productName = Auth;
			productReference = BA4EF7722D8876EB00D2D50D /* Authenticator.app */;
			productType = "com.apple.product-type.application";
		};
		BAE62D1B2D88755D00202D5A /* AuthenticatorPerformanceTests */ = {
			isa = PBXNativeTarget;
			buildConfigurationList = BAE62D222D88755E00202D5A /* Build configuration list for PBXNativeTarget "AuthenticatorPerformanceTests" */;
			buildPhases = (
				BAE62D182D88755D00202D5A /* Sources */,
				BAE62D192D88755D00202D5A /* Frameworks */,
				BAE62D1A2D88755D00202D5A /* Resources */,
			);
			buildRules = (
			);
			dependencies = (
				BAE62D212D88755E00202D5A /* PBXTargetDependency */,
			);
			name = AuthenticatorPerformanceTests;
			productName = AuthenticatorPerformanceTests;
			productReference = BA4EF7752D8876EB00D2D50D /* AuthenticatorPerformanceTests.xctest */;
			productType = "com.apple.product-type.bundle.unit-test";
		};
/* End PBXNativeTarget section */

/* Begin PBXProject section */
		BA8641F02B73E9BC00285F4D /* Project object */ = {
			isa = PBXProject;
			attributes = {
				BuildIndependentTargetsInParallel = 1;
				LastSwiftUpdateCheck = 1620;
				LastUpgradeCheck = 1520;
				ORGANIZATIONNAME = "OneVR LLC";
				TargetAttributes = {
					BA7B05312D866E2600F882BE = {
						CreatedOnToolsVersion = 16.2;
						TestTargetID = BA8641F72B73E9BC00285F4D;
					};
					BA7B053E2D867CB200F882BE = {
						CreatedOnToolsVersion = 16.2;
						TestTargetID = BA8641F72B73E9BC00285F4D;
					};
					BA8641F72B73E9BC00285F4D = {
						CreatedOnToolsVersion = 15.2;
					};
					BAE62D1B2D88755D00202D5A = {
						CreatedOnToolsVersion = 16.2;
						TestTargetID = BA8641F72B73E9BC00285F4D;
					};
				};
			};
			buildConfigurationList = BA8641F32B73E9BC00285F4D /* Build configuration list for PBXProject "Authenticator" */;
			developmentRegion = en;
			hasScannedForEncodings = 0;
			knownRegions = (
				en,
				Base,
			);
			mainGroup = BA8641EF2B73E9BC00285F4D;
			packageReferences = (
				BA86426C2B73EF4800285F4D /* XCRemoteSwiftPackageReference "SwiftOTP" */,
				BAEDE4072D8E4ADC0096CB8E /* XCRemoteSwiftPackageReference "CryptoSwift" */,
				BAEDE40A2D8E4B5B0096CB8E /* XCRemoteSwiftPackageReference "keychain-swift" */,
				BAEDE42D2D8F68EB0096CB8E /* XCRemoteSwiftPackageReference "firebase-ios-sdk" */,
			);
			preferredProjectObjectVersion = 90;
			productRefGroup = BA8641EF2B73E9BC00285F4D;
			projectDirPath = "";
			projectRoot = "";
			targets = (
				BA8641F72B73E9BC00285F4D /* Authenticator */,
				BA7B05312D866E2600F882BE /* AuthenticatorUnitTests */,
				BA7B053E2D867CB200F882BE /* AuthenticatorUITests */,
				BAE62D1B2D88755D00202D5A /* AuthenticatorPerformanceTests */,
			);
		};
/* End PBXProject section */

/* Begin PBXResourcesBuildPhase section */
		BA7B05302D866E2600F882BE /* Resources */ = {
			isa = PBXResourcesBuildPhase;
			files = (
				BAEDE4232D8F660C0096CB8E /* GoogleService-Info.plist in Resources */,
			);
		};
		BA7B053D2D867CB200F882BE /* Resources */ = {
			isa = PBXResourcesBuildPhase;
			files = (
				BAEDE4222D8F660C0096CB8E /* GoogleService-Info.plist in Resources */,
			);
		};
		BA8641F62B73E9BC00285F4D /* Resources */ = {
			isa = PBXResourcesBuildPhase;
			files = (
				BA8642772B73F33000285F4D /* Images.xcassets in Resources */,
				BA5F7B4C2B8592B500C343E8 /* LaunchScreen.storyboard in Resources */,
				BAEDE4252D8F660C0096CB8E /* GoogleService-Info.plist in Resources */,
				BA8642032B73E9BE00285F4D /* Preview Assets.xcassets in Resources */,
				BA8642002B73E9BE00285F4D /* Assets.xcassets in Resources */,
			);
		};
		BAE62D1A2D88755D00202D5A /* Resources */ = {
			isa = PBXResourcesBuildPhase;
			files = (
				BAEDE4242D8F660C0096CB8E /* GoogleService-Info.plist in Resources */,
			);
		};
/* End PBXResourcesBuildPhase section */

/* Begin PBXShellScriptBuildPhase section */
		BAEDE4342D8F6EAE0096CB8E /* ShellScript */ = {
			isa = PBXShellScriptBuildPhase;
			inputPaths = (
				"${DWARF_DSYM_FOLDER_PATH}/${DWARF_DSYM_FILE_NAME}",
				"${DWARF_DSYM_FOLDER_PATH}/${DWARF_DSYM_FILE_NAME}/Contents/Resources/DWARF/${PRODUCT_NAME}",
				"${DWARF_DSYM_FOLDER_PATH}/${DWARF_DSYM_FILE_NAME}/Contents/Info.plist",
				"$(TARGET_BUILD_DIR)/$(UNLOCALIZED_RESOURCES_FOLDER_PATH)/GoogleService-Info.plist",
				"$(TARGET_BUILD_DIR)/$(EXECUTABLE_PATH)",
			);
			outputPaths = (
				"${DERIVED_FILE_DIR}/com.firebase.crashlytics.upload-marker",
			);
			shellPath = /bin/sh;
			shellScript = (
				"# Type a script or drag a script file from your workspace to insert its path.",
				"\"${BUILD_DIR%/Build/*}/SourcePackages/checkouts/firebase-ios-sdk/Crashlytics/run\"",
				"",
				"",
			);
		};
/* End PBXShellScriptBuildPhase section */

/* Begin PBXSourcesBuildPhase section */
		BA7B052E2D866E2600F882BE /* Sources */ = {
			isa = PBXSourcesBuildPhase;
			files = (
			);
		};
		BA7B053B2D867CB200F882BE /* Sources */ = {
			isa = PBXSourcesBuildPhase;
			files = (
			);
		};
		BA8641F42B73E9BC00285F4D /* Sources */ = {
			isa = PBXSourcesBuildPhase;
			files = (
				BA86425D2B73EE8600285F4D /* StringExtensions.swift in Sources */,
				BA8642432B73EDE300285F4D /* KeychainManager.swift in Sources */,
				BA8642052B73E9BE00285F4D /* Persistence.swift in Sources */,
				BA8642462B73EDE300285F4D /* View+copiedBanner.swift in Sources */,
				BA8642642B73EECE00285F4D /* CodeScannerView.swift in Sources */,
				BA8642332B73EDBA00285F4D /* LockScreenView.swift in Sources */,
				BA86423B2B73EDC700285F4D /* Credential.swift in Sources */,
				BA8642342B73EDBA00285F4D /* SetPasscodeView.swift in Sources */,
				BA8642322B73EDBA00285F4D /* InputPasscodeView.swift in Sources */,
				BAEDE4372D8FC79B0096CB8E /* AnalyticsService.swift in Sources */,
				BA86425E2B73EE8600285F4D /* DateExtensions.swift in Sources */,
				BA86E0472B77097B00F57F66 /* iCloudManager.swift in Sources */,
				BA8642452B73EDE300285F4D /* ActivityView.swift in Sources */,
				BA86423C2B73EDC700285F4D /* Token.swift in Sources */,
				BAEDE4392D91D9790096CB8E /* ChangePasscodeView.swift in Sources */,
				BA4EF7A92D88AB6300D2D50D /* TokenDetailView.swift in Sources */,
				BA86425F2B73EE8600285F4D /* URLExtensions.swift in Sources */,
				BAEDE43B2D91EFEF0096CB8E /* LockScreenOverlay.swift in Sources */,
				BA8642442B73EDE300285F4D /* BiometricAuth.swift in Sources */,
				BA86E0442B77058000F57F66 /* BackUpItem.swift in Sources */,
				BA7B04FA2D862F0E00F882BE /* BiometricManager.swift in Sources */,
				BA8641FC2B73E9BC00285F4D /* AuthApp.swift in Sources */,
				BA7B04FC2D8631CB00F882BE /* BiometricVerificationSheet.swift in Sources */,
				BA8642632B73EECE00285F4D /* TokenView.swift in Sources */,
				BA1979422B741F7F00C0EDF6 /* TokenEditView.swift in Sources */,
				BA8642582B73EE6700285F4D /* ImportView.swift in Sources */,
				BA8642082B73E9BE00285F4D /* Auth.xcdatamodeld in Sources */,
				BA8642392B73EDC700285F4D /* OTPGenerator.swift in Sources */,
				BA86427B2B73FACD00285F4D /* ContentView.swift in Sources */,
				BAEDE38C2D8DD2660096CB8E /* ManualTokenEntryView.swift in Sources */,
				BA8642552B73EE5300285F4D /* ExportView.swift in Sources */,
				BAEDE4172D8F06560096CB8E /* TokenSearchView.swift in Sources */,
				BA8642562B73EE5300285F4D /* SettingsView.swift in Sources */,
			);
		};
		BAE62D182D88755D00202D5A /* Sources */ = {
			isa = PBXSourcesBuildPhase;
			files = (
			);
		};
/* End PBXSourcesBuildPhase section */

/* Begin PBXTargetDependency section */
		BA7B05372D866E2600F882BE /* PBXTargetDependency */ = {
			isa = PBXTargetDependency;
			target = BA8641F72B73E9BC00285F4D /* Authenticator */;
			targetProxy = BA7B05362D866E2600F882BE /* PBXContainerItemProxy */;
		};
		BA7B05462D867CB200F882BE /* PBXTargetDependency */ = {
			isa = PBXTargetDependency;
			target = BA8641F72B73E9BC00285F4D /* Authenticator */;
			targetProxy = BA7B05452D867CB200F882BE /* PBXContainerItemProxy */;
		};
		BAE62D212D88755E00202D5A /* PBXTargetDependency */ = {
			isa = PBXTargetDependency;
			target = BA8641F72B73E9BC00285F4D /* Authenticator */;
			targetProxy = BAE62D202D88755E00202D5A /* PBXContainerItemProxy */;
		};
/* End PBXTargetDependency section */

/* Begin XCBuildConfiguration section */
		BA7B05392D866E2600F882BE /* Debug configuration for PBXNativeTarget "AuthenticatorUnitTests" */ = {
			isa = XCBuildConfiguration;
			buildSettings = {
				BUNDLE_LOADER = "$(TEST_HOST)";
				CODE_SIGN_STYLE = Automatic;
				CURRENT_PROJECT_VERSION = 1;
				DEVELOPMENT_TEAM = CT2P7VWHVS;
				GENERATE_INFOPLIST_FILE = YES;
				IPHONEOS_DEPLOYMENT_TARGET = 18.0;
				MARKETING_VERSION = 1.0;
				PRODUCT_BUNDLE_IDENTIFIER = com.kelreid.AuthenticatorUnitTests;
				PRODUCT_NAME = "$(TARGET_NAME)";
				SUPPORTED_PLATFORMS = "iphoneos iphonesimulator";
				SUPPORTS_MACCATALYST = NO;
				SUPPORTS_MAC_DESIGNED_FOR_IPHONE_IPAD = NO;
				SUPPORTS_XR_DESIGNED_FOR_IPHONE_IPAD = NO;
				SWIFT_EMIT_LOC_STRINGS = NO;
				SWIFT_VERSION = 5.0;
				TARGETED_DEVICE_FAMILY = "1,2";
				TEST_HOST = "$(BUILT_PRODUCTS_DIR)/Authenticator.app/$(BUNDLE_EXECUTABLE_FOLDER_PATH)/Authenticator";
			};
			name = Debug;
		};
		BA7B053A2D866E2600F882BE /* Release configuration for PBXNativeTarget "AuthenticatorUnitTests" */ = {
			isa = XCBuildConfiguration;
			buildSettings = {
				BUNDLE_LOADER = "$(TEST_HOST)";
				CODE_SIGN_STYLE = Automatic;
				CURRENT_PROJECT_VERSION = 1;
				DEVELOPMENT_TEAM = CT2P7VWHVS;
				GENERATE_INFOPLIST_FILE = YES;
				IPHONEOS_DEPLOYMENT_TARGET = 18.0;
				MARKETING_VERSION = 1.0;
				PRODUCT_BUNDLE_IDENTIFIER = com.kelreid.AuthenticatorUnitTests;
				PRODUCT_NAME = "$(TARGET_NAME)";
				SUPPORTED_PLATFORMS = "iphoneos iphonesimulator";
				SUPPORTS_MACCATALYST = NO;
				SUPPORTS_MAC_DESIGNED_FOR_IPHONE_IPAD = NO;
				SUPPORTS_XR_DESIGNED_FOR_IPHONE_IPAD = NO;
				SWIFT_EMIT_LOC_STRINGS = NO;
				SWIFT_VERSION = 5.0;
				TARGETED_DEVICE_FAMILY = "1,2";
				TEST_HOST = "$(BUILT_PRODUCTS_DIR)/Authenticator.app/$(BUNDLE_EXECUTABLE_FOLDER_PATH)/Authenticator";
			};
			name = Release;
		};
		BA7B05482D867CB200F882BE /* Debug configuration for PBXNativeTarget "AuthenticatorUITests" */ = {
			isa = XCBuildConfiguration;
			buildSettings = {
				CODE_SIGN_STYLE = Automatic;
				CURRENT_PROJECT_VERSION = 1;
				DEVELOPMENT_TEAM = CT2P7VWHVS;
				GENERATE_INFOPLIST_FILE = YES;
				IPHONEOS_DEPLOYMENT_TARGET = 18.0;
				MARKETING_VERSION = 1.0;
				PRODUCT_BUNDLE_IDENTIFIER = com.kelreid.AuthenticatorUITests;
				PRODUCT_NAME = "$(TARGET_NAME)";
				SUPPORTED_PLATFORMS = "iphoneos iphonesimulator";
				SUPPORTS_MACCATALYST = NO;
				SUPPORTS_MAC_DESIGNED_FOR_IPHONE_IPAD = NO;
				SUPPORTS_XR_DESIGNED_FOR_IPHONE_IPAD = NO;
				SWIFT_EMIT_LOC_STRINGS = NO;
				SWIFT_VERSION = 5.0;
				TARGETED_DEVICE_FAMILY = "1,2";
				TEST_TARGET_NAME = Authenticator;
			};
			name = Debug;
		};
		BA7B05492D867CB200F882BE /* Release configuration for PBXNativeTarget "AuthenticatorUITests" */ = {
			isa = XCBuildConfiguration;
			buildSettings = {
				CODE_SIGN_STYLE = Automatic;
				CURRENT_PROJECT_VERSION = 1;
				DEVELOPMENT_TEAM = CT2P7VWHVS;
				GENERATE_INFOPLIST_FILE = YES;
				IPHONEOS_DEPLOYMENT_TARGET = 18.0;
				MARKETING_VERSION = 1.0;
				PRODUCT_BUNDLE_IDENTIFIER = com.kelreid.AuthenticatorUITests;
				PRODUCT_NAME = "$(TARGET_NAME)";
				SUPPORTED_PLATFORMS = "iphoneos iphonesimulator";
				SUPPORTS_MACCATALYST = NO;
				SUPPORTS_MAC_DESIGNED_FOR_IPHONE_IPAD = NO;
				SUPPORTS_XR_DESIGNED_FOR_IPHONE_IPAD = NO;
				SWIFT_EMIT_LOC_STRINGS = NO;
				SWIFT_VERSION = 5.0;
				TARGETED_DEVICE_FAMILY = "1,2";
				TEST_TARGET_NAME = Authenticator;
			};
			name = Release;
		};
		BA86421F2B73E9BF00285F4D /* Debug configuration for PBXProject "Authenticator" */ = {
			isa = XCBuildConfiguration;
			buildSettings = {
				ALWAYS_SEARCH_USER_PATHS = NO;
				ASSETCATALOG_COMPILER_GENERATE_SWIFT_ASSET_SYMBOL_EXTENSIONS = YES;
				CLANG_ANALYZER_NONNULL = YES;
				CLANG_ANALYZER_NUMBER_OBJECT_CONVERSION = YES_AGGRESSIVE;
				CLANG_CXX_LANGUAGE_STANDARD = "gnu++20";
				CLANG_ENABLE_MODULES = YES;
				CLANG_ENABLE_OBJC_ARC = YES;
				CLANG_ENABLE_OBJC_WEAK = YES;
				CLANG_WARN_BLOCK_CAPTURE_AUTORELEASING = YES;
				CLANG_WARN_BOOL_CONVERSION = YES;
				CLANG_WARN_COMMA = YES;
				CLANG_WARN_CONSTANT_CONVERSION = YES;
				CLANG_WARN_DEPRECATED_OBJC_IMPLEMENTATIONS = YES;
				CLANG_WARN_DIRECT_OBJC_ISA_USAGE = YES_ERROR;
				CLANG_WARN_DOCUMENTATION_COMMENTS = YES;
				CLANG_WARN_EMPTY_BODY = YES;
				CLANG_WARN_ENUM_CONVERSION = YES;
				CLANG_WARN_INFINITE_RECURSION = YES;
				CLANG_WARN_INT_CONVERSION = YES;
				CLANG_WARN_NON_LITERAL_NULL_CONVERSION = YES;
				CLANG_WARN_OBJC_IMPLICIT_RETAIN_SELF = YES;
				CLANG_WARN_OBJC_LITERAL_CONVERSION = YES;
				CLANG_WARN_OBJC_ROOT_CLASS = YES_ERROR;
				CLANG_WARN_QUOTED_INCLUDE_IN_FRAMEWORK_HEADER = YES;
				CLANG_WARN_RANGE_LOOP_ANALYSIS = YES;
				CLANG_WARN_STRICT_PROTOTYPES = YES;
				CLANG_WARN_SUSPICIOUS_MOVE = YES;
				CLANG_WARN_UNGUARDED_AVAILABILITY = YES_AGGRESSIVE;
				CLANG_WARN_UNREACHABLE_CODE = YES;
				CLANG_WARN__DUPLICATE_METHOD_MATCH = YES;
				COPY_PHASE_STRIP = NO;
				DEBUG_INFORMATION_FORMAT = dwarf;
				ENABLE_STRICT_OBJC_MSGSEND = YES;
				ENABLE_TESTABILITY = YES;
				ENABLE_USER_SCRIPT_SANDBOXING = YES;
				GCC_C_LANGUAGE_STANDARD = gnu17;
				GCC_DYNAMIC_NO_PIC = NO;
				GCC_NO_COMMON_BLOCKS = YES;
				GCC_OPTIMIZATION_LEVEL = 0;
				GCC_PREPROCESSOR_DEFINITIONS = (
					"DEBUG=1",
					"$(inherited)",
				);
				GCC_WARN_64_TO_32_BIT_CONVERSION = YES;
				GCC_WARN_ABOUT_RETURN_TYPE = YES_ERROR;
				GCC_WARN_UNDECLARED_SELECTOR = YES;
				GCC_WARN_UNINITIALIZED_AUTOS = YES_AGGRESSIVE;
				GCC_WARN_UNUSED_FUNCTION = YES;
				GCC_WARN_UNUSED_VARIABLE = YES;
				IPHONEOS_DEPLOYMENT_TARGET = 17.0;
				LOCALIZATION_PREFERS_STRING_CATALOGS = YES;
				MTL_ENABLE_DEBUG_INFO = INCLUDE_SOURCE;
				MTL_FAST_MATH = YES;
				ONLY_ACTIVE_ARCH = YES;
				SDKROOT = iphoneos;
				SWIFT_ACTIVE_COMPILATION_CONDITIONS = "DEBUG $(inherited)";
				SWIFT_OPTIMIZATION_LEVEL = "-Onone";
			};
			name = Debug;
		};
		BA8642202B73E9BF00285F4D /* Release configuration for PBXProject "Authenticator" */ = {
			isa = XCBuildConfiguration;
			buildSettings = {
				ALWAYS_SEARCH_USER_PATHS = NO;
				ASSETCATALOG_COMPILER_GENERATE_SWIFT_ASSET_SYMBOL_EXTENSIONS = YES;
				CLANG_ANALYZER_NONNULL = YES;
				CLANG_ANALYZER_NUMBER_OBJECT_CONVERSION = YES_AGGRESSIVE;
				CLANG_CXX_LANGUAGE_STANDARD = "gnu++20";
				CLANG_ENABLE_MODULES = YES;
				CLANG_ENABLE_OBJC_ARC = YES;
				CLANG_ENABLE_OBJC_WEAK = YES;
				CLANG_WARN_BLOCK_CAPTURE_AUTORELEASING = YES;
				CLANG_WARN_BOOL_CONVERSION = YES;
				CLANG_WARN_COMMA = YES;
				CLANG_WARN_CONSTANT_CONVERSION = YES;
				CLANG_WARN_DEPRECATED_OBJC_IMPLEMENTATIONS = YES;
				CLANG_WARN_DIRECT_OBJC_ISA_USAGE = YES_ERROR;
				CLANG_WARN_DOCUMENTATION_COMMENTS = YES;
				CLANG_WARN_EMPTY_BODY = YES;
				CLANG_WARN_ENUM_CONVERSION = YES;
				CLANG_WARN_INFINITE_RECURSION = YES;
				CLANG_WARN_INT_CONVERSION = YES;
				CLANG_WARN_NON_LITERAL_NULL_CONVERSION = YES;
				CLANG_WARN_OBJC_IMPLICIT_RETAIN_SELF = YES;
				CLANG_WARN_OBJC_LITERAL_CONVERSION = YES;
				CLANG_WARN_OBJC_ROOT_CLASS = YES_ERROR;
				CLANG_WARN_QUOTED_INCLUDE_IN_FRAMEWORK_HEADER = YES;
				CLANG_WARN_RANGE_LOOP_ANALYSIS = YES;
				CLANG_WARN_STRICT_PROTOTYPES = YES;
				CLANG_WARN_SUSPICIOUS_MOVE = YES;
				CLANG_WARN_UNGUARDED_AVAILABILITY = YES_AGGRESSIVE;
				CLANG_WARN_UNREACHABLE_CODE = YES;
				CLANG_WARN__DUPLICATE_METHOD_MATCH = YES;
				COPY_PHASE_STRIP = NO;
				DEBUG_INFORMATION_FORMAT = "dwarf-with-dsym";
				ENABLE_NS_ASSERTIONS = NO;
				ENABLE_STRICT_OBJC_MSGSEND = YES;
				ENABLE_TESTABILITY = YES;
				ENABLE_USER_SCRIPT_SANDBOXING = YES;
				GCC_C_LANGUAGE_STANDARD = gnu17;
				GCC_NO_COMMON_BLOCKS = YES;
				GCC_WARN_64_TO_32_BIT_CONVERSION = YES;
				GCC_WARN_ABOUT_RETURN_TYPE = YES_ERROR;
				GCC_WARN_UNDECLARED_SELECTOR = YES;
				GCC_WARN_UNINITIALIZED_AUTOS = YES_AGGRESSIVE;
				GCC_WARN_UNUSED_FUNCTION = YES;
				GCC_WARN_UNUSED_VARIABLE = YES;
				IPHONEOS_DEPLOYMENT_TARGET = 17.0;
				LOCALIZATION_PREFERS_STRING_CATALOGS = YES;
				MTL_ENABLE_DEBUG_INFO = NO;
				MTL_FAST_MATH = YES;
				SDKROOT = iphoneos;
				SWIFT_COMPILATION_MODE = wholemodule;
				VALIDATE_PRODUCT = YES;
			};
			name = Release;
		};
		BA8642222B73E9BF00285F4D /* Debug configuration for PBXNativeTarget "Authenticator" */ = {
			isa = XCBuildConfiguration;
			buildSettings = {
				ASSETCATALOG_COMPILER_APPICON_NAME = AppIcon;
				ASSETCATALOG_COMPILER_GLOBAL_ACCENT_COLOR_NAME = AccentColor;
				CODE_SIGN_IDENTITY = "Apple Development";
				CODE_SIGN_STYLE = Automatic;
				CURRENT_PROJECT_VERSION = 00;
				DEBUG_INFORMATION_FORMAT = "dwarf-with-dsym";
				DEVELOPMENT_ASSET_PATHS = "\"Auth/Preview Content\"";
				DEVELOPMENT_TEAM = CT2P7VWHVS;
				ENABLE_PREVIEWS = YES;
				ENABLE_USER_SCRIPT_SANDBOXING = YES;
				GENERATE_INFOPLIST_FILE = YES;
				INFOPLIST_FILE = "Config/Authenticator-Info.plist";
				INFOPLIST_KEY_CFBundleDisplayName = "Authenticator+";
				INFOPLIST_KEY_LSApplicationCategoryType = "public.app-category.utilities";
				INFOPLIST_KEY_NSCameraUsageDescription = "The app will use your camera to scan a QR code to set up your account.";
				INFOPLIST_KEY_NSFaceIDUsageDescription = "This app will use FaceID for an extra layer of secutity when signing in.";
				INFOPLIST_KEY_UIApplicationSceneManifest_Generation = YES;
				INFOPLIST_KEY_UIApplicationSupportsIndirectInputEvents = YES;
				INFOPLIST_KEY_UILaunchScreen_Generation = YES;
				INFOPLIST_KEY_UILaunchStoryboardName = LaunchScreen.storyboard;
				INFOPLIST_KEY_UISupportedInterfaceOrientations = UIInterfaceOrientationPortrait;
				INFOPLIST_KEY_UISupportedInterfaceOrientations_iPad = "UIInterfaceOrientationLandscapeLeft UIInterfaceOrientationLandscapeRight UIInterfaceOrientationPortrait UIInterfaceOrientationPortraitUpsideDown";
				IPHONEOS_DEPLOYMENT_TARGET = 18.0;
				LD_RUNPATH_SEARCH_PATHS = (
					"$(inherited)",
					"@executable_path/Frameworks",
				);
				MARKETING_VERSION = 1.0.0;
				PRODUCT_BUNDLE_IDENTIFIER = com.OneVR.Authenticator;
				PRODUCT_NAME = "$(TARGET_NAME)";
				PROVISIONING_PROFILE_SPECIFIER = "";
				SUPPORTED_PLATFORMS = "iphoneos iphonesimulator";
				SUPPORTS_MACCATALYST = NO;
				SUPPORTS_MAC_DESIGNED_FOR_IPHONE_IPAD = NO;
				SUPPORTS_XR_DESIGNED_FOR_IPHONE_IPAD = NO;
				SWIFT_EMIT_LOC_STRINGS = YES;
				SWIFT_VERSION = 5.0;
				TARGETED_DEVICE_FAMILY = "1,2";
			};
			name = Debug;
		};
		BA8642232B73E9BF00285F4D /* Release configuration for PBXNativeTarget "Authenticator" */ = {
			isa = XCBuildConfiguration;
			buildSettings = {
				ASSETCATALOG_COMPILER_APPICON_NAME = AppIcon;
				ASSETCATALOG_COMPILER_GLOBAL_ACCENT_COLOR_NAME = AccentColor;
				CODE_SIGN_IDENTITY = "Apple Development";
				CODE_SIGN_STYLE = Automatic;
				CURRENT_PROJECT_VERSION = 00;
				DEBUG_INFORMATION_FORMAT = "dwarf-with-dsym";
				DEVELOPMENT_ASSET_PATHS = "\"Auth/Preview Content\"";
				DEVELOPMENT_TEAM = CT2P7VWHVS;
				ENABLE_PREVIEWS = YES;
				ENABLE_USER_SCRIPT_SANDBOXING = YES;
				GENERATE_INFOPLIST_FILE = YES;
				INFOPLIST_FILE = "Config/Authenticator-Info.plist";
				INFOPLIST_KEY_CFBundleDisplayName = "Authenticator+";
				INFOPLIST_KEY_LSApplicationCategoryType = "public.app-category.utilities";
				INFOPLIST_KEY_NSCameraUsageDescription = "The app will use your camera to scan a QR code to set up your account.";
				INFOPLIST_KEY_NSFaceIDUsageDescription = "This app will use FaceID for an extra layer of secutity when signing in.";
				INFOPLIST_KEY_UIApplicationSceneManifest_Generation = YES;
				INFOPLIST_KEY_UIApplicationSupportsIndirectInputEvents = YES;
				INFOPLIST_KEY_UILaunchScreen_Generation = YES;
				INFOPLIST_KEY_UILaunchStoryboardName = LaunchScreen.storyboard;
				INFOPLIST_KEY_UISupportedInterfaceOrientations = UIInterfaceOrientationPortrait;
				INFOPLIST_KEY_UISupportedInterfaceOrientations_iPad = "UIInterfaceOrientationLandscapeLeft UIInterfaceOrientationLandscapeRight UIInterfaceOrientationPortrait UIInterfaceOrientationPortraitUpsideDown";
				IPHONEOS_DEPLOYMENT_TARGET = 18.0;
				LD_RUNPATH_SEARCH_PATHS = (
					"$(inherited)",
					"@executable_path/Frameworks",
				);
				MARKETING_VERSION = 1.0.0;
				PRODUCT_BUNDLE_IDENTIFIER = com.OneVR.Authenticator;
				PRODUCT_NAME = "$(TARGET_NAME)";
				PROVISIONING_PROFILE_SPECIFIER = "";
				SUPPORTED_PLATFORMS = "iphoneos iphonesimulator";
				SUPPORTS_MACCATALYST = NO;
				SUPPORTS_MAC_DESIGNED_FOR_IPHONE_IPAD = NO;
				SUPPORTS_XR_DESIGNED_FOR_IPHONE_IPAD = NO;
				SWIFT_EMIT_LOC_STRINGS = YES;
				SWIFT_VERSION = 5.0;
				TARGETED_DEVICE_FAMILY = "1,2";
			};
			name = Release;
		};
		BAE62D232D88755E00202D5A /* Debug configuration for PBXNativeTarget "AuthenticatorPerformanceTests" */ = {
			isa = XCBuildConfiguration;
			buildSettings = {
				BUNDLE_LOADER = "$(TEST_HOST)";
				CODE_SIGN_STYLE = Automatic;
				CURRENT_PROJECT_VERSION = 1;
				DEVELOPMENT_TEAM = CT2P7VWHVS;
				GENERATE_INFOPLIST_FILE = YES;
				IPHONEOS_DEPLOYMENT_TARGET = 18.0;
				MARKETING_VERSION = 1.0;
				PRODUCT_BUNDLE_IDENTIFIER = com.kelreid.AuthenticatorPerformanceTests;
				PRODUCT_NAME = "$(TARGET_NAME)";
				SUPPORTED_PLATFORMS = "iphoneos iphonesimulator";
				SUPPORTS_MACCATALYST = NO;
				SUPPORTS_MAC_DESIGNED_FOR_IPHONE_IPAD = NO;
				SUPPORTS_XR_DESIGNED_FOR_IPHONE_IPAD = NO;
				SWIFT_EMIT_LOC_STRINGS = NO;
				SWIFT_VERSION = 5.0;
				TARGETED_DEVICE_FAMILY = "1,2";
				TEST_HOST = "$(BUILT_PRODUCTS_DIR)/Authenticator.app/$(BUNDLE_EXECUTABLE_FOLDER_PATH)/Authenticator";
			};
			name = Debug;
		};
		BAE62D242D88755E00202D5A /* Release configuration for PBXNativeTarget "AuthenticatorPerformanceTests" */ = {
			isa = XCBuildConfiguration;
			buildSettings = {
				BUNDLE_LOADER = "$(TEST_HOST)";
				CODE_SIGN_STYLE = Automatic;
				CURRENT_PROJECT_VERSION = 1;
				DEVELOPMENT_TEAM = CT2P7VWHVS;
				GENERATE_INFOPLIST_FILE = YES;
				IPHONEOS_DEPLOYMENT_TARGET = 18.0;
				MARKETING_VERSION = 1.0;
				PRODUCT_BUNDLE_IDENTIFIER = com.kelreid.AuthenticatorPerformanceTests;
				PRODUCT_NAME = "$(TARGET_NAME)";
				SUPPORTED_PLATFORMS = "iphoneos iphonesimulator";
				SUPPORTS_MACCATALYST = NO;
				SUPPORTS_MAC_DESIGNED_FOR_IPHONE_IPAD = NO;
				SUPPORTS_XR_DESIGNED_FOR_IPHONE_IPAD = NO;
				SWIFT_EMIT_LOC_STRINGS = NO;
				SWIFT_VERSION = 5.0;
				TARGETED_DEVICE_FAMILY = "1,2";
				TEST_HOST = "$(BUILT_PRODUCTS_DIR)/Authenticator.app/$(BUNDLE_EXECUTABLE_FOLDER_PATH)/Authenticator";
			};
			name = Release;
		};
/* End XCBuildConfiguration section */

/* Begin XCConfigurationList section */
		BA7B05382D866E2600F882BE /* Build configuration list for PBXNativeTarget "AuthenticatorUnitTests" */ = {
			isa = XCConfigurationList;
			buildConfigurations = (
				BA7B05392D866E2600F882BE /* Debug configuration for PBXNativeTarget "AuthenticatorUnitTests" */,
				BA7B053A2D866E2600F882BE /* Release configuration for PBXNativeTarget "AuthenticatorUnitTests" */,
			);
			defaultConfigurationName = Release;
		};
		BA7B05472D867CB200F882BE /* Build configuration list for PBXNativeTarget "AuthenticatorUITests" */ = {
			isa = XCConfigurationList;
			buildConfigurations = (
				BA7B05482D867CB200F882BE /* Debug configuration for PBXNativeTarget "AuthenticatorUITests" */,
				BA7B05492D867CB200F882BE /* Release configuration for PBXNativeTarget "AuthenticatorUITests" */,
			);
			defaultConfigurationName = Release;
		};
		BA8641F32B73E9BC00285F4D /* Build configuration list for PBXProject "Authenticator" */ = {
			isa = XCConfigurationList;
			buildConfigurations = (
				BA86421F2B73E9BF00285F4D /* Debug configuration for PBXProject "Authenticator" */,
				BA8642202B73E9BF00285F4D /* Release configuration for PBXProject "Authenticator" */,
			);
			defaultConfigurationName = Release;
		};
		BA8642212B73E9BF00285F4D /* Build configuration list for PBXNativeTarget "Authenticator" */ = {
			isa = XCConfigurationList;
			buildConfigurations = (
				BA8642222B73E9BF00285F4D /* Debug configuration for PBXNativeTarget "Authenticator" */,
				BA8642232B73E9BF00285F4D /* Release configuration for PBXNativeTarget "Authenticator" */,
			);
			defaultConfigurationName = Release;
		};
		BAE62D222D88755E00202D5A /* Build configuration list for PBXNativeTarget "AuthenticatorPerformanceTests" */ = {
			isa = XCConfigurationList;
			buildConfigurations = (
				BAE62D232D88755E00202D5A /* Debug configuration for PBXNativeTarget "AuthenticatorPerformanceTests" */,
				BAE62D242D88755E00202D5A /* Release configuration for PBXNativeTarget "AuthenticatorPerformanceTests" */,
			);
			defaultConfigurationName = Release;
		};
/* End XCConfigurationList section */

/* Begin XCRemoteSwiftPackageReference section */
		BA86426C2B73EF4800285F4D /* XCRemoteSwiftPackageReference "SwiftOTP" */ = {
			isa = XCRemoteSwiftPackageReference;
			repositoryURL = "https://github.com/lachlanbell/SwiftOTP.git";
			requirement = {
				kind = upToNextMajorVersion;
				minimumVersion = 3.0.2;
			};
		};
		BAEDE4072D8E4ADC0096CB8E /* XCRemoteSwiftPackageReference "CryptoSwift" */ = {
			isa = XCRemoteSwiftPackageReference;
			repositoryURL = "https://github.com/krzyzanowskim/CryptoSwift.git";
			requirement = {
				kind = upToNextMajorVersion;
				minimumVersion = 1.8.4;
			};
		};
		BAEDE40A2D8E4B5B0096CB8E /* XCRemoteSwiftPackageReference "keychain-swift" */ = {
			isa = XCRemoteSwiftPackageReference;
			repositoryURL = "https://github.com/evgenyneu/keychain-swift.git";
			requirement = {
				kind = upToNextMajorVersion;
				minimumVersion = 24.0.0;
			};
		};
		BAEDE42D2D8F68EB0096CB8E /* XCRemoteSwiftPackageReference "firebase-ios-sdk" */ = {
			isa = XCRemoteSwiftPackageReference;
			repositoryURL = "https://github.com/firebase/firebase-ios-sdk";
			requirement = {
				kind = upToNextMajorVersion;
				minimumVersion = 11.10.0;
			};
		};
/* End XCRemoteSwiftPackageReference section */

/* Begin XCSwiftPackageProductDependency section */
		BA86426D2B73EF4800285F4D /* SwiftOTP */ = {
			isa = XCSwiftPackageProductDependency;
			package = BA86426C2B73EF4800285F4D /* XCRemoteSwiftPackageReference "SwiftOTP" */;
			productName = SwiftOTP;
		};
		BAEDE4082D8E4ADC0096CB8E /* CryptoSwift */ = {
			isa = XCSwiftPackageProductDependency;
			package = BAEDE4072D8E4ADC0096CB8E /* XCRemoteSwiftPackageReference "CryptoSwift" */;
			productName = CryptoSwift;
		};
		BAEDE40B2D8E4B5B0096CB8E /* KeychainSwift */ = {
			isa = XCSwiftPackageProductDependency;
			package = BAEDE40A2D8E4B5B0096CB8E /* XCRemoteSwiftPackageReference "keychain-swift" */;
			productName = KeychainSwift;
		};
		BAEDE42E2D8F68EB0096CB8E /* FirebaseAnalyticsWithoutAdIdSupport */ = {
			isa = XCSwiftPackageProductDependency;
			package = BAEDE42D2D8F68EB0096CB8E /* XCRemoteSwiftPackageReference "firebase-ios-sdk" */;
			productName = FirebaseAnalyticsWithoutAdIdSupport;
		};
		BAEDE4302D8F68EB0096CB8E /* FirebaseCrashlytics */ = {
			isa = XCSwiftPackageProductDependency;
			package = BAEDE42D2D8F68EB0096CB8E /* XCRemoteSwiftPackageReference "firebase-ios-sdk" */;
			productName = FirebaseCrashlytics;
		};
		BAEDE4322D8F68EB0096CB8E /* FirebasePerformance */ = {
			isa = XCSwiftPackageProductDependency;
			package = BAEDE42D2D8F68EB0096CB8E /* XCRemoteSwiftPackageReference "firebase-ios-sdk" */;
			productName = FirebasePerformance;
		};
/* End XCSwiftPackageProductDependency section */

/* Begin XCVersionGroup section */
		BA8642062B73E9BE00285F4D /* Auth.xcdatamodeld */ = {
			isa = XCVersionGroup;
			children = (
				BA8642072B73E9BE00285F4D /* Auth.xcdatamodel */,
			);
			currentVersion = BA8642072B73E9BE00285F4D /* Auth.xcdatamodel */;
			path = Auth.xcdatamodeld;
			sourceTree = "<group>";
			versionGroupType = wrapper.xcdatamodel;
		};
/* End XCVersionGroup section */
	};
	rootObject = BA8641F02B73E9BC00285F4D /* Project object */;
}
