// !$*UTF8*$!
{
	archiveVersion = 1;
	classes = {
	};
	objectVersion = 56;
	objects = {

/* Begin PBXBuildFile section */
		BA4434C929E0FB980099CED8 /* LoginView.swift in Sources */ = {isa = PBXBuildFile; fileRef = BA4434C829E0FB980099CED8 /* LoginView.swift */; };
		BA4434CB29E0FBA10099CED8 /* GenerateCodeView.swift in Sources */ = {isa = PBXBuildFile; fileRef = BA4434CA29E0FBA10099CED8 /* GenerateCodeView.swift */; };
		BA4434CF29E102C60099CED8 /* GoogleService-Info.plist in Resources */ = {isa = PBXBuildFile; fileRef = BA4434CE29E102C60099CED8 /* GoogleService-Info.plist */; };
		BA4434D229E1E5450099CED8 /* FirebaseAnalytics in Frameworks */ = {isa = PBXBuildFile; productRef = BA4434D129E1E5450099CED8 /* FirebaseAnalytics */; };
		BA4434D429E1E5450099CED8 /* FirebaseAnalyticsSwift in Frameworks */ = {isa = PBXBuildFile; productRef = BA4434D329E1E5450099CED8 /* FirebaseAnalyticsSwift */; };
		BA4434D629E1E5450099CED8 /* FirebaseAuth in Frameworks */ = {isa = PBXBuildFile; productRef = BA4434D529E1E5450099CED8 /* FirebaseAuth */; };
		BA4434D829E1E5450099CED8 /* FirebaseCrashlytics in Frameworks */ = {isa = PBXBuildFile; productRef = BA4434D729E1E5450099CED8 /* FirebaseCrashlytics */; };
		BA4434DA29E1E5450099CED8 /* FirebaseDatabase in Frameworks */ = {isa = PBXBuildFile; productRef = BA4434D929E1E5450099CED8 /* FirebaseDatabase */; };
		BA4434DC29E1E5450099CED8 /* FirebaseDatabaseSwift in Frameworks */ = {isa = PBXBuildFile; productRef = BA4434DB29E1E5450099CED8 /* FirebaseDatabaseSwift */; };
		BA4434DE29E1E5450099CED8 /* FirebaseFirestore in Frameworks */ = {isa = PBXBuildFile; productRef = BA4434DD29E1E5450099CED8 /* FirebaseFirestore */; };
		BA4434E029E1E5450099CED8 /* FirebaseFirestoreSwift in Frameworks */ = {isa = PBXBuildFile; productRef = BA4434DF29E1E5450099CED8 /* FirebaseFirestoreSwift */; };
		BA4434E229E1E5450099CED8 /* FirebaseStorage in Frameworks */ = {isa = PBXBuildFile; productRef = BA4434E129E1E5450099CED8 /* FirebaseStorage */; };
		BA4434E429E232D80099CED8 /* AuthViewModel.swift in Sources */ = {isa = PBXBuildFile; fileRef = BA4434E329E232D80099CED8 /* AuthViewModel.swift */; };
		BA4434E629E2348F0099CED8 /* AppDelegate.swift in Sources */ = {isa = PBXBuildFile; fileRef = BA4434E529E2348F0099CED8 /* AppDelegate.swift */; };
		BA58856029E2616A0036E171 /* SignUpView.swift in Sources */ = {isa = PBXBuildFile; fileRef = BA58855F29E2616A0036E171 /* SignUpView.swift */; };
		BA8656DD29F0CF130094748A /* SettingsView.swift in Sources */ = {isa = PBXBuildFile; fileRef = BA8656DC29F0CF130094748A /* SettingsView.swift */; };
		BAC4370329E0FA6F00C95C6D /* authenticator_iosApp.swift in Sources */ = {isa = PBXBuildFile; fileRef = BAC4370229E0FA6F00C95C6D /* authenticator_iosApp.swift */; };
		BAC4370729E0FA7100C95C6D /* Assets.xcassets in Resources */ = {isa = PBXBuildFile; fileRef = BAC4370629E0FA7100C95C6D /* Assets.xcassets */; };
		BAC4370A29E0FA7100C95C6D /* Preview Assets.xcassets in Resources */ = {isa = PBXBuildFile; fileRef = BAC4370929E0FA7100C95C6D /* Preview Assets.xcassets */; };
		BAC4370C29E0FA7100C95C6D /* Persistence.swift in Sources */ = {isa = PBXBuildFile; fileRef = BAC4370B29E0FA7100C95C6D /* Persistence.swift */; };
		BAC4370F29E0FA7100C95C6D /* authenticator_ios.xcdatamodeld in Sources */ = {isa = PBXBuildFile; fileRef = BAC4370D29E0FA7100C95C6D /* authenticator_ios.xcdatamodeld */; };
		BAC4371A29E0FA7100C95C6D /* authenticator_iosTests.swift in Sources */ = {isa = PBXBuildFile; fileRef = BAC4371929E0FA7100C95C6D /* authenticator_iosTests.swift */; };
		BAC4372429E0FA7100C95C6D /* authenticator_iosUITests.swift in Sources */ = {isa = PBXBuildFile; fileRef = BAC4372329E0FA7100C95C6D /* authenticator_iosUITests.swift */; };
		BAC4372629E0FA7100C95C6D /* authenticator_iosUITestsLaunchTests.swift in Sources */ = {isa = PBXBuildFile; fileRef = BAC4372529E0FA7100C95C6D /* authenticator_iosUITestsLaunchTests.swift */; };
		BAD7718A29F0EA1F00F30D3F /* ReleaseNotesView.swift in Sources */ = {isa = PBXBuildFile; fileRef = BAD7718929F0EA1F00F30D3F /* ReleaseNotesView.swift */; };
		BAD7718C29F0EADE00F30D3F /* PrivacyPolicyView.swift in Sources */ = {isa = PBXBuildFile; fileRef = BAD7718B29F0EADE00F30D3F /* PrivacyPolicyView.swift */; };
		BAD7718E29F0EAF100F30D3F /* TermsView.swift in Sources */ = {isa = PBXBuildFile; fileRef = BAD7718D29F0EAF100F30D3F /* TermsView.swift */; };
/* End PBXBuildFile section */

/* Begin PBXContainerItemProxy section */
		BAC4371629E0FA7100C95C6D /* PBXContainerItemProxy */ = {
			isa = PBXContainerItemProxy;
			containerPortal = BAC436F729E0FA6F00C95C6D /* Project object */;
			proxyType = 1;
			remoteGlobalIDString = BAC436FE29E0FA6F00C95C6D;
			remoteInfo = "authenticator-ios";
		};
		BAC4372029E0FA7100C95C6D /* PBXContainerItemProxy */ = {
			isa = PBXContainerItemProxy;
			containerPortal = BAC436F729E0FA6F00C95C6D /* Project object */;
			proxyType = 1;
			remoteGlobalIDString = BAC436FE29E0FA6F00C95C6D;
			remoteInfo = "authenticator-ios";
		};
/* End PBXContainerItemProxy section */

/* Begin PBXFileReference section */
		BA4434C829E0FB980099CED8 /* LoginView.swift */ = {isa = PBXFileReference; fileEncoding = 4; lastKnownFileType = sourcecode.swift; path = LoginView.swift; sourceTree = "<group>"; };
		BA4434CA29E0FBA10099CED8 /* GenerateCodeView.swift */ = {isa = PBXFileReference; fileEncoding = 4; lastKnownFileType = sourcecode.swift; path = GenerateCodeView.swift; sourceTree = "<group>"; };
		BA4434CE29E102C60099CED8 /* GoogleService-Info.plist */ = {isa = PBXFileReference; fileEncoding = 4; lastKnownFileType = text.plist.xml; path = "GoogleService-Info.plist"; sourceTree = "<group>"; };
		BA4434E329E232D80099CED8 /* AuthViewModel.swift */ = {isa = PBXFileReference; lastKnownFileType = sourcecode.swift; path = AuthViewModel.swift; sourceTree = "<group>"; };
		BA4434E529E2348F0099CED8 /* AppDelegate.swift */ = {isa = PBXFileReference; lastKnownFileType = sourcecode.swift; path = AppDelegate.swift; sourceTree = "<group>"; };
		BA58855F29E2616A0036E171 /* SignUpView.swift */ = {isa = PBXFileReference; lastKnownFileType = sourcecode.swift; path = SignUpView.swift; sourceTree = "<group>"; };
		BA8656DC29F0CF130094748A /* SettingsView.swift */ = {isa = PBXFileReference; lastKnownFileType = sourcecode.swift; path = SettingsView.swift; sourceTree = "<group>"; };
		BAC436FF29E0FA6F00C95C6D /* authenticator-ios.app */ = {isa = PBXFileReference; explicitFileType = wrapper.application; includeInIndex = 0; path = "authenticator-ios.app"; sourceTree = BUILT_PRODUCTS_DIR; };
		BAC4370229E0FA6F00C95C6D /* authenticator_iosApp.swift */ = {isa = PBXFileReference; lastKnownFileType = sourcecode.swift; path = authenticator_iosApp.swift; sourceTree = "<group>"; };
		BAC4370629E0FA7100C95C6D /* Assets.xcassets */ = {isa = PBXFileReference; lastKnownFileType = folder.assetcatalog; path = Assets.xcassets; sourceTree = "<group>"; };
		BAC4370929E0FA7100C95C6D /* Preview Assets.xcassets */ = {isa = PBXFileReference; lastKnownFileType = folder.assetcatalog; path = "Preview Assets.xcassets"; sourceTree = "<group>"; };
		BAC4370B29E0FA7100C95C6D /* Persistence.swift */ = {isa = PBXFileReference; lastKnownFileType = sourcecode.swift; path = Persistence.swift; sourceTree = "<group>"; };
		BAC4370E29E0FA7100C95C6D /* authenticator_ios.xcdatamodel */ = {isa = PBXFileReference; lastKnownFileType = wrapper.xcdatamodel; path = authenticator_ios.xcdatamodel; sourceTree = "<group>"; };
		BAC4371029E0FA7100C95C6D /* Info.plist */ = {isa = PBXFileReference; lastKnownFileType = text.plist.xml; path = Info.plist; sourceTree = "<group>"; };
		BAC4371529E0FA7100C95C6D /* authenticator-iosTests.xctest */ = {isa = PBXFileReference; explicitFileType = wrapper.cfbundle; includeInIndex = 0; path = "authenticator-iosTests.xctest"; sourceTree = BUILT_PRODUCTS_DIR; };
		BAC4371929E0FA7100C95C6D /* authenticator_iosTests.swift */ = {isa = PBXFileReference; lastKnownFileType = sourcecode.swift; path = authenticator_iosTests.swift; sourceTree = "<group>"; };
		BAC4371F29E0FA7100C95C6D /* authenticator-iosUITests.xctest */ = {isa = PBXFileReference; explicitFileType = wrapper.cfbundle; includeInIndex = 0; path = "authenticator-iosUITests.xctest"; sourceTree = BUILT_PRODUCTS_DIR; };
		BAC4372329E0FA7100C95C6D /* authenticator_iosUITests.swift */ = {isa = PBXFileReference; lastKnownFileType = sourcecode.swift; path = authenticator_iosUITests.swift; sourceTree = "<group>"; };
		BAC4372529E0FA7100C95C6D /* authenticator_iosUITestsLaunchTests.swift */ = {isa = PBXFileReference; lastKnownFileType = sourcecode.swift; path = authenticator_iosUITestsLaunchTests.swift; sourceTree = "<group>"; };
		BAD7718929F0EA1F00F30D3F /* ReleaseNotesView.swift */ = {isa = PBXFileReference; lastKnownFileType = sourcecode.swift; path = ReleaseNotesView.swift; sourceTree = "<group>"; };
		BAD7718B29F0EADE00F30D3F /* PrivacyPolicyView.swift */ = {isa = PBXFileReference; lastKnownFileType = sourcecode.swift; path = PrivacyPolicyView.swift; sourceTree = "<group>"; };
		BAD7718D29F0EAF100F30D3F /* TermsView.swift */ = {isa = PBXFileReference; lastKnownFileType = sourcecode.swift; path = TermsView.swift; sourceTree = "<group>"; };
/* End PBXFileReference section */

/* Begin PBXFrameworksBuildPhase section */
		BAC436FC29E0FA6F00C95C6D /* Frameworks */ = {
			isa = PBXFrameworksBuildPhase;
			buildActionMask = 2147483647;
			files = (
				BA4434DC29E1E5450099CED8 /* FirebaseDatabaseSwift in Frameworks */,
				BA4434DA29E1E5450099CED8 /* FirebaseDatabase in Frameworks */,
				BA4434E229E1E5450099CED8 /* FirebaseStorage in Frameworks */,
				BA4434D429E1E5450099CED8 /* FirebaseAnalyticsSwift in Frameworks */,
				BA4434D829E1E5450099CED8 /* FirebaseCrashlytics in Frameworks */,
				BA4434D629E1E5450099CED8 /* FirebaseAuth in Frameworks */,
				BA4434D229E1E5450099CED8 /* FirebaseAnalytics in Frameworks */,
				BA4434DE29E1E5450099CED8 /* FirebaseFirestore in Frameworks */,
				BA4434E029E1E5450099CED8 /* FirebaseFirestoreSwift in Frameworks */,
			);
			runOnlyForDeploymentPostprocessing = 0;
		};
		BAC4371229E0FA7100C95C6D /* Frameworks */ = {
			isa = PBXFrameworksBuildPhase;
			buildActionMask = 2147483647;
			files = (
			);
			runOnlyForDeploymentPostprocessing = 0;
		};
		BAC4371C29E0FA7100C95C6D /* Frameworks */ = {
			isa = PBXFrameworksBuildPhase;
			buildActionMask = 2147483647;
			files = (
			);
			runOnlyForDeploymentPostprocessing = 0;
		};
/* End PBXFrameworksBuildPhase section */

/* Begin PBXGroup section */
		BA4434C729E0FB630099CED8 /* Views */ = {
			isa = PBXGroup;
			children = (
				BA4434C829E0FB980099CED8 /* LoginView.swift */,
				BA58855F29E2616A0036E171 /* SignUpView.swift */,
				BA4434CA29E0FBA10099CED8 /* GenerateCodeView.swift */,
				BA8656DC29F0CF130094748A /* SettingsView.swift */,
				BAD7718929F0EA1F00F30D3F /* ReleaseNotesView.swift */,
				BAD7718B29F0EADE00F30D3F /* PrivacyPolicyView.swift */,
				BAD7718D29F0EAF100F30D3F /* TermsView.swift */,
			);
			path = Views;
			sourceTree = "<group>";
		};
		BA58855E29E25B330036E171 /* Models */ = {
			isa = PBXGroup;
			children = (
				BAC4370229E0FA6F00C95C6D /* authenticator_iosApp.swift */,
				BA4434E529E2348F0099CED8 /* AppDelegate.swift */,
				BA4434E329E232D80099CED8 /* AuthViewModel.swift */,
				BAC4370B29E0FA7100C95C6D /* Persistence.swift */,
			);
			path = Models;
			sourceTree = "<group>";
		};
		BAC436F629E0FA6F00C95C6D = {
			isa = PBXGroup;
			children = (
				BAC4370129E0FA6F00C95C6D /* authenticator-ios */,
				BAC4371829E0FA7100C95C6D /* authenticator-iosTests */,
				BAC4372229E0FA7100C95C6D /* authenticator-iosUITests */,
				BAC4370029E0FA6F00C95C6D /* Products */,
			);
			sourceTree = "<group>";
		};
		BAC4370029E0FA6F00C95C6D /* Products */ = {
			isa = PBXGroup;
			children = (
				BAC436FF29E0FA6F00C95C6D /* authenticator-ios.app */,
				BAC4371529E0FA7100C95C6D /* authenticator-iosTests.xctest */,
				BAC4371F29E0FA7100C95C6D /* authenticator-iosUITests.xctest */,
			);
			name = Products;
			sourceTree = "<group>";
		};
		BAC4370129E0FA6F00C95C6D /* authenticator-ios */ = {
			isa = PBXGroup;
			children = (
				BA58855E29E25B330036E171 /* Models */,
				BA4434C729E0FB630099CED8 /* Views */,
				BAC4370629E0FA7100C95C6D /* Assets.xcassets */,
				BAC4371029E0FA7100C95C6D /* Info.plist */,
				BA4434CE29E102C60099CED8 /* GoogleService-Info.plist */,
				BAC4370D29E0FA7100C95C6D /* authenticator_ios.xcdatamodeld */,
				BAC4370829E0FA7100C95C6D /* Preview Content */,
			);
			path = "authenticator-ios";
			sourceTree = "<group>";
		};
		BAC4370829E0FA7100C95C6D /* Preview Content */ = {
			isa = PBXGroup;
			children = (
				BAC4370929E0FA7100C95C6D /* Preview Assets.xcassets */,
			);
			path = "Preview Content";
			sourceTree = "<group>";
		};
		BAC4371829E0FA7100C95C6D /* authenticator-iosTests */ = {
			isa = PBXGroup;
			children = (
				BAC4371929E0FA7100C95C6D /* authenticator_iosTests.swift */,
			);
			path = "authenticator-iosTests";
			sourceTree = "<group>";
		};
		BAC4372229E0FA7100C95C6D /* authenticator-iosUITests */ = {
			isa = PBXGroup;
			children = (
				BAC4372329E0FA7100C95C6D /* authenticator_iosUITests.swift */,
				BAC4372529E0FA7100C95C6D /* authenticator_iosUITestsLaunchTests.swift */,
			);
			path = "authenticator-iosUITests";
			sourceTree = "<group>";
		};
/* End PBXGroup section */

/* Begin PBXNativeTarget section */
		BAC436FE29E0FA6F00C95C6D /* authenticator-ios */ = {
			isa = PBXNativeTarget;
			buildConfigurationList = BAC4372929E0FA7100C95C6D /* Build configuration list for PBXNativeTarget "authenticator-ios" */;
			buildPhases = (
				BAC436FB29E0FA6F00C95C6D /* Sources */,
				BAC436FC29E0FA6F00C95C6D /* Frameworks */,
				BAC436FD29E0FA6F00C95C6D /* Resources */,
			);
			buildRules = (
			);
			dependencies = (
			);
			name = "authenticator-ios";
			packageProductDependencies = (
				BA4434D129E1E5450099CED8 /* FirebaseAnalytics */,
				BA4434D329E1E5450099CED8 /* FirebaseAnalyticsSwift */,
				BA4434D529E1E5450099CED8 /* FirebaseAuth */,
				BA4434D729E1E5450099CED8 /* FirebaseCrashlytics */,
				BA4434D929E1E5450099CED8 /* FirebaseDatabase */,
				BA4434DB29E1E5450099CED8 /* FirebaseDatabaseSwift */,
				BA4434DD29E1E5450099CED8 /* FirebaseFirestore */,
				BA4434DF29E1E5450099CED8 /* FirebaseFirestoreSwift */,
				BA4434E129E1E5450099CED8 /* FirebaseStorage */,
			);
			productName = "authenticator-ios";
			productReference = BAC436FF29E0FA6F00C95C6D /* authenticator-ios.app */;
			productType = "com.apple.product-type.application";
		};
		BAC4371429E0FA7100C95C6D /* authenticator-iosTests */ = {
			isa = PBXNativeTarget;
			buildConfigurationList = BAC4372C29E0FA7100C95C6D /* Build configuration list for PBXNativeTarget "authenticator-iosTests" */;
			buildPhases = (
				BAC4371129E0FA7100C95C6D /* Sources */,
				BAC4371229E0FA7100C95C6D /* Frameworks */,
				BAC4371329E0FA7100C95C6D /* Resources */,
			);
			buildRules = (
			);
			dependencies = (
				BAC4371729E0FA7100C95C6D /* PBXTargetDependency */,
			);
			name = "authenticator-iosTests";
			productName = "authenticator-iosTests";
			productReference = BAC4371529E0FA7100C95C6D /* authenticator-iosTests.xctest */;
			productType = "com.apple.product-type.bundle.unit-test";
		};
		BAC4371E29E0FA7100C95C6D /* authenticator-iosUITests */ = {
			isa = PBXNativeTarget;
			buildConfigurationList = BAC4372F29E0FA7100C95C6D /* Build configuration list for PBXNativeTarget "authenticator-iosUITests" */;
			buildPhases = (
				BAC4371B29E0FA7100C95C6D /* Sources */,
				BAC4371C29E0FA7100C95C6D /* Frameworks */,
				BAC4371D29E0FA7100C95C6D /* Resources */,
			);
			buildRules = (
			);
			dependencies = (
				BAC4372129E0FA7100C95C6D /* PBXTargetDependency */,
			);
			name = "authenticator-iosUITests";
			productName = "authenticator-iosUITests";
			productReference = BAC4371F29E0FA7100C95C6D /* authenticator-iosUITests.xctest */;
			productType = "com.apple.product-type.bundle.ui-testing";
		};
/* End PBXNativeTarget section */

/* Begin PBXProject section */
		BAC436F729E0FA6F00C95C6D /* Project object */ = {
			isa = PBXProject;
			attributes = {
				BuildIndependentTargetsInParallel = 1;
				LastSwiftUpdateCheck = 1430;
				LastUpgradeCheck = 1430;
				TargetAttributes = {
					BAC436FE29E0FA6F00C95C6D = {
						CreatedOnToolsVersion = 14.3;
					};
					BAC4371429E0FA7100C95C6D = {
						CreatedOnToolsVersion = 14.3;
						TestTargetID = BAC436FE29E0FA6F00C95C6D;
					};
					BAC4371E29E0FA7100C95C6D = {
						CreatedOnToolsVersion = 14.3;
						TestTargetID = BAC436FE29E0FA6F00C95C6D;
					};
				};
			};
			buildConfigurationList = BAC436FA29E0FA6F00C95C6D /* Build configuration list for PBXProject "authenticator-ios" */;
			compatibilityVersion = "Xcode 14.0";
			developmentRegion = en;
			hasScannedForEncodings = 0;
			knownRegions = (
				en,
				Base,
			);
			mainGroup = BAC436F629E0FA6F00C95C6D;
			packageReferences = (
				BA4434D029E1E5450099CED8 /* XCRemoteSwiftPackageReference "firebase-ios-sdk" */,
			);
			productRefGroup = BAC4370029E0FA6F00C95C6D /* Products */;
			projectDirPath = "";
			projectRoot = "";
			targets = (
				BAC436FE29E0FA6F00C95C6D /* authenticator-ios */,
				BAC4371429E0FA7100C95C6D /* authenticator-iosTests */,
				BAC4371E29E0FA7100C95C6D /* authenticator-iosUITests */,
			);
		};
/* End PBXProject section */

/* Begin PBXResourcesBuildPhase section */
		BAC436FD29E0FA6F00C95C6D /* Resources */ = {
			isa = PBXResourcesBuildPhase;
			buildActionMask = 2147483647;
			files = (
				BAC4370A29E0FA7100C95C6D /* Preview Assets.xcassets in Resources */,
				BAC4370729E0FA7100C95C6D /* Assets.xcassets in Resources */,
				BA4434CF29E102C60099CED8 /* GoogleService-Info.plist in Resources */,
			);
			runOnlyForDeploymentPostprocessing = 0;
		};
		BAC4371329E0FA7100C95C6D /* Resources */ = {
			isa = PBXResourcesBuildPhase;
			buildActionMask = 2147483647;
			files = (
			);
			runOnlyForDeploymentPostprocessing = 0;
		};
		BAC4371D29E0FA7100C95C6D /* Resources */ = {
			isa = PBXResourcesBuildPhase;
			buildActionMask = 2147483647;
			files = (
			);
			runOnlyForDeploymentPostprocessing = 0;
		};
/* End PBXResourcesBuildPhase section */

/* Begin PBXSourcesBuildPhase section */
		BAC436FB29E0FA6F00C95C6D /* Sources */ = {
			isa = PBXSourcesBuildPhase;
			buildActionMask = 2147483647;
			files = (
				BAC4370C29E0FA7100C95C6D /* Persistence.swift in Sources */,
				BA4434C929E0FB980099CED8 /* LoginView.swift in Sources */,
				BA4434E429E232D80099CED8 /* AuthViewModel.swift in Sources */,
				BA8656DD29F0CF130094748A /* SettingsView.swift in Sources */,
				BAD7718E29F0EAF100F30D3F /* TermsView.swift in Sources */,
				BAD7718C29F0EADE00F30D3F /* PrivacyPolicyView.swift in Sources */,
				BAC4370329E0FA6F00C95C6D /* authenticator_iosApp.swift in Sources */,
				BA58856029E2616A0036E171 /* SignUpView.swift in Sources */,
				BA4434E629E2348F0099CED8 /* AppDelegate.swift in Sources */,
				BA4434CB29E0FBA10099CED8 /* GenerateCodeView.swift in Sources */,
				BAD7718A29F0EA1F00F30D3F /* ReleaseNotesView.swift in Sources */,
				BAC4370F29E0FA7100C95C6D /* authenticator_ios.xcdatamodeld in Sources */,
			);
			runOnlyForDeploymentPostprocessing = 0;
		};
		BAC4371129E0FA7100C95C6D /* Sources */ = {
			isa = PBXSourcesBuildPhase;
			buildActionMask = 2147483647;
			files = (
				BAC4371A29E0FA7100C95C6D /* authenticator_iosTests.swift in Sources */,
			);
			runOnlyForDeploymentPostprocessing = 0;
		};
		BAC4371B29E0FA7100C95C6D /* Sources */ = {
			isa = PBXSourcesBuildPhase;
			buildActionMask = 2147483647;
			files = (
				BAC4372629E0FA7100C95C6D /* authenticator_iosUITestsLaunchTests.swift in Sources */,
				BAC4372429E0FA7100C95C6D /* authenticator_iosUITests.swift in Sources */,
			);
			runOnlyForDeploymentPostprocessing = 0;
		};
/* End PBXSourcesBuildPhase section */

/* Begin PBXTargetDependency section */
		BAC4371729E0FA7100C95C6D /* PBXTargetDependency */ = {
			isa = PBXTargetDependency;
			target = BAC436FE29E0FA6F00C95C6D /* authenticator-ios */;
			targetProxy = BAC4371629E0FA7100C95C6D /* PBXContainerItemProxy */;
		};
		BAC4372129E0FA7100C95C6D /* PBXTargetDependency */ = {
			isa = PBXTargetDependency;
			target = BAC436FE29E0FA6F00C95C6D /* authenticator-ios */;
			targetProxy = BAC4372029E0FA7100C95C6D /* PBXContainerItemProxy */;
		};
/* End PBXTargetDependency section */

/* Begin XCBuildConfiguration section */
		BAC4372729E0FA7100C95C6D /* Debug */ = {
			isa = XCBuildConfiguration;
			buildSettings = {
				ALWAYS_SEARCH_USER_PATHS = NO;
				CLANG_ANALYZER_NONNULL = YES;
				CLANG_ANALYZER_NUMBER_OBJECT_CONVERSION = YES_AGGRESSIVE;
				CLANG_CXX_LANGUAGE_STANDARD = "gnu++20";
				CLANG_ENABLE_MODULES = YES;
				CLANG_ENABLE_OBJC_ARC = YES;
				CLANG_ENABLE_OBJC_WEAK = YES;
				CLANG_WARN_BLOCK_CAPTURE_AUTORELEASING = YES;
				CLANG_WARN_BOOL_CONVERSION = YES;
				CLANG_WARN_COMMA = YES;
				CLANG_WARN_CONSTANT_CONVERSION = YES;
				CLANG_WARN_DEPRECATED_OBJC_IMPLEMENTATIONS = YES;
				CLANG_WARN_DIRECT_OBJC_ISA_USAGE = YES_ERROR;
				CLANG_WARN_DOCUMENTATION_COMMENTS = YES;
				CLANG_WARN_EMPTY_BODY = YES;
				CLANG_WARN_ENUM_CONVERSION = YES;
				CLANG_WARN_INFINITE_RECURSION = YES;
				CLANG_WARN_INT_CONVERSION = YES;
				CLANG_WARN_NON_LITERAL_NULL_CONVERSION = YES;
				CLANG_WARN_OBJC_IMPLICIT_RETAIN_SELF = YES;
				CLANG_WARN_OBJC_LITERAL_CONVERSION = YES;
				CLANG_WARN_OBJC_ROOT_CLASS = YES_ERROR;
				CLANG_WARN_QUOTED_INCLUDE_IN_FRAMEWORK_HEADER = YES;
				CLANG_WARN_RANGE_LOOP_ANALYSIS = YES;
				CLANG_WARN_STRICT_PROTOTYPES = YES;
				CLANG_WARN_SUSPICIOUS_MOVE = YES;
				CLANG_WARN_UNGUARDED_AVAILABILITY = YES_AGGRESSIVE;
				CLANG_WARN_UNREACHABLE_CODE = YES;
				CLANG_WARN__DUPLICATE_METHOD_MATCH = YES;
				COPY_PHASE_STRIP = NO;
				DEBUG_INFORMATION_FORMAT = dwarf;
				ENABLE_STRICT_OBJC_MSGSEND = YES;
				ENABLE_TESTABILITY = YES;
				GCC_C_LANGUAGE_STANDARD = gnu11;
				GCC_DYNAMIC_NO_PIC = NO;
				GCC_NO_COMMON_BLOCKS = YES;
				GCC_OPTIMIZATION_LEVEL = 0;
				GCC_PREPROCESSOR_DEFINITIONS = (
					"DEBUG=1",
					"$(inherited)",
				);
				GCC_WARN_64_TO_32_BIT_CONVERSION = YES;
				GCC_WARN_ABOUT_RETURN_TYPE = YES_ERROR;
				GCC_WARN_UNDECLARED_SELECTOR = YES;
				GCC_WARN_UNINITIALIZED_AUTOS = YES_AGGRESSIVE;
				GCC_WARN_UNUSED_FUNCTION = YES;
				GCC_WARN_UNUSED_VARIABLE = YES;
				IPHONEOS_DEPLOYMENT_TARGET = 16.4;
				MTL_ENABLE_DEBUG_INFO = INCLUDE_SOURCE;
				MTL_FAST_MATH = YES;
				ONLY_ACTIVE_ARCH = YES;
				SDKROOT = iphoneos;
				SWIFT_ACTIVE_COMPILATION_CONDITIONS = DEBUG;
				SWIFT_OPTIMIZATION_LEVEL = "-Onone";
			};
			name = Debug;
		};
		BAC4372829E0FA7100C95C6D /* Release */ = {
			isa = XCBuildConfiguration;
			buildSettings = {
				ALWAYS_SEARCH_USER_PATHS = NO;
				CLANG_ANALYZER_NONNULL = YES;
				CLANG_ANALYZER_NUMBER_OBJECT_CONVERSION = YES_AGGRESSIVE;
				CLANG_CXX_LANGUAGE_STANDARD = "gnu++20";
				CLANG_ENABLE_MODULES = YES;
				CLANG_ENABLE_OBJC_ARC = YES;
				CLANG_ENABLE_OBJC_WEAK = YES;
				CLANG_WARN_BLOCK_CAPTURE_AUTORELEASING = YES;
				CLANG_WARN_BOOL_CONVERSION = YES;
				CLANG_WARN_COMMA = YES;
				CLANG_WARN_CONSTANT_CONVERSION = YES;
				CLANG_WARN_DEPRECATED_OBJC_IMPLEMENTATIONS = YES;
				CLANG_WARN_DIRECT_OBJC_ISA_USAGE = YES_ERROR;
				CLANG_WARN_DOCUMENTATION_COMMENTS = YES;
				CLANG_WARN_EMPTY_BODY = YES;
				CLANG_WARN_ENUM_CONVERSION = YES;
				CLANG_WARN_INFINITE_RECURSION = YES;
				CLANG_WARN_INT_CONVERSION = YES;
				CLANG_WARN_NON_LITERAL_NULL_CONVERSION = YES;
				CLANG_WARN_OBJC_IMPLICIT_RETAIN_SELF = YES;
				CLANG_WARN_OBJC_LITERAL_CONVERSION = YES;
				CLANG_WARN_OBJC_ROOT_CLASS = YES_ERROR;
				CLANG_WARN_QUOTED_INCLUDE_IN_FRAMEWORK_HEADER = YES;
				CLANG_WARN_RANGE_LOOP_ANALYSIS = YES;
				CLANG_WARN_STRICT_PROTOTYPES = YES;
				CLANG_WARN_SUSPICIOUS_MOVE = YES;
				CLANG_WARN_UNGUARDED_AVAILABILITY = YES_AGGRESSIVE;
				CLANG_WARN_UNREACHABLE_CODE = YES;
				CLANG_WARN__DUPLICATE_METHOD_MATCH = YES;
				COPY_PHASE_STRIP = NO;
				DEBUG_INFORMATION_FORMAT = "dwarf-with-dsym";
				ENABLE_NS_ASSERTIONS = NO;
				ENABLE_STRICT_OBJC_MSGSEND = YES;
				GCC_C_LANGUAGE_STANDARD = gnu11;
				GCC_NO_COMMON_BLOCKS = YES;
				GCC_WARN_64_TO_32_BIT_CONVERSION = YES;
				GCC_WARN_ABOUT_RETURN_TYPE = YES_ERROR;
				GCC_WARN_UNDECLARED_SELECTOR = YES;
				GCC_WARN_UNINITIALIZED_AUTOS = YES_AGGRESSIVE;
				GCC_WARN_UNUSED_FUNCTION = YES;
				GCC_WARN_UNUSED_VARIABLE = YES;
				IPHONEOS_DEPLOYMENT_TARGET = 16.4;
				MTL_ENABLE_DEBUG_INFO = NO;
				MTL_FAST_MATH = YES;
				SDKROOT = iphoneos;
				SWIFT_COMPILATION_MODE = wholemodule;
				SWIFT_OPTIMIZATION_LEVEL = "-O";
				VALIDATE_PRODUCT = YES;
			};
			name = Release;
		};
		BAC4372A29E0FA7100C95C6D /* Debug */ = {
			isa = XCBuildConfiguration;
			buildSettings = {
				ASSETCATALOG_COMPILER_APPICON_NAME = AppIcon;
				ASSETCATALOG_COMPILER_GLOBAL_ACCENT_COLOR_NAME = AccentColor;
				CODE_SIGN_STYLE = Automatic;
				CURRENT_PROJECT_VERSION = 1;
				DEVELOPMENT_ASSET_PATHS = "\"authenticator-ios/Preview Content\"";
				DEVELOPMENT_TEAM = CT2P7VWHVS;
				ENABLE_PREVIEWS = YES;
				GENERATE_INFOPLIST_FILE = YES;
				INFOPLIST_KEY_CFBundleDisplayName = Authenticator;
				INFOPLIST_KEY_LSApplicationCategoryType = "public.app-category.utilities";
				INFOPLIST_KEY_UIApplicationSceneManifest_Generation = YES;
				INFOPLIST_KEY_UIApplicationSupportsIndirectInputEvents = YES;
				INFOPLIST_KEY_UILaunchScreen_Generation = YES;
				INFOPLIST_KEY_UISupportedInterfaceOrientations = UIInterfaceOrientationPortrait;
				LD_RUNPATH_SEARCH_PATHS = (
					"$(inherited)",
					"@executable_path/Frameworks",
				);
				MARKETING_VERSION = 0.0.1;
				PRODUCT_BUNDLE_IDENTIFIER = "com.kreid.authenticator-ios";
				PRODUCT_NAME = "$(TARGET_NAME)";
				SWIFT_EMIT_LOC_STRINGS = YES;
				SWIFT_VERSION = 5.0;
				TARGETED_DEVICE_FAMILY = "1,2";
			};
			name = Debug;
		};
		BAC4372B29E0FA7100C95C6D /* Release */ = {
			isa = XCBuildConfiguration;
			buildSettings = {
				ASSETCATALOG_COMPILER_APPICON_NAME = AppIcon;
				ASSETCATALOG_COMPILER_GLOBAL_ACCENT_COLOR_NAME = AccentColor;
				CODE_SIGN_STYLE = Automatic;
				CURRENT_PROJECT_VERSION = 1;
				DEVELOPMENT_ASSET_PATHS = "\"authenticator-ios/Preview Content\"";
				DEVELOPMENT_TEAM = CT2P7VWHVS;
				ENABLE_PREVIEWS = YES;
				GENERATE_INFOPLIST_FILE = YES;
				INFOPLIST_KEY_CFBundleDisplayName = Authenticator;
				INFOPLIST_KEY_LSApplicationCategoryType = "public.app-category.utilities";
				INFOPLIST_KEY_UIApplicationSceneManifest_Generation = YES;
				INFOPLIST_KEY_UIApplicationSupportsIndirectInputEvents = YES;
				INFOPLIST_KEY_UILaunchScreen_Generation = YES;
				INFOPLIST_KEY_UISupportedInterfaceOrientations = UIInterfaceOrientationPortrait;
				LD_RUNPATH_SEARCH_PATHS = (
					"$(inherited)",
					"@executable_path/Frameworks",
				);
				MARKETING_VERSION = 0.0.1;
				PRODUCT_BUNDLE_IDENTIFIER = "com.kreid.authenticator-ios";
				PRODUCT_NAME = "$(TARGET_NAME)";
				SWIFT_EMIT_LOC_STRINGS = YES;
				SWIFT_VERSION = 5.0;
				TARGETED_DEVICE_FAMILY = "1,2";
			};
			name = Release;
		};
		BAC4372D29E0FA7100C95C6D /* Debug */ = {
			isa = XCBuildConfiguration;
			buildSettings = {
				ALWAYS_EMBED_SWIFT_STANDARD_LIBRARIES = YES;
				BUNDLE_LOADER = "$(TEST_HOST)";
				CODE_SIGN_STYLE = Automatic;
				CURRENT_PROJECT_VERSION = 1;
				DEVELOPMENT_TEAM = CT2P7VWHVS;
				GENERATE_INFOPLIST_FILE = YES;
				IPHONEOS_DEPLOYMENT_TARGET = 16.4;
				MARKETING_VERSION = 1.0;
				PRODUCT_BUNDLE_IDENTIFIER = "com.kreid.authenticator-iosTests";
				PRODUCT_NAME = "$(TARGET_NAME)";
				SWIFT_EMIT_LOC_STRINGS = NO;
				SWIFT_VERSION = 5.0;
				TARGETED_DEVICE_FAMILY = "1,2";
				TEST_HOST = "$(BUILT_PRODUCTS_DIR)/authenticator-ios.app/$(BUNDLE_EXECUTABLE_FOLDER_PATH)/authenticator-ios";
			};
			name = Debug;
		};
		BAC4372E29E0FA7100C95C6D /* Release */ = {
			isa = XCBuildConfiguration;
			buildSettings = {
				ALWAYS_EMBED_SWIFT_STANDARD_LIBRARIES = YES;
				BUNDLE_LOADER = "$(TEST_HOST)";
				CODE_SIGN_STYLE = Automatic;
				CURRENT_PROJECT_VERSION = 1;
				DEVELOPMENT_TEAM = CT2P7VWHVS;
				GENERATE_INFOPLIST_FILE = YES;
				IPHONEOS_DEPLOYMENT_TARGET = 16.4;
				MARKETING_VERSION = 1.0;
				PRODUCT_BUNDLE_IDENTIFIER = "com.kreid.authenticator-iosTests";
				PRODUCT_NAME = "$(TARGET_NAME)";
				SWIFT_EMIT_LOC_STRINGS = NO;
				SWIFT_VERSION = 5.0;
				TARGETED_DEVICE_FAMILY = "1,2";
				TEST_HOST = "$(BUILT_PRODUCTS_DIR)/authenticator-ios.app/$(BUNDLE_EXECUTABLE_FOLDER_PATH)/authenticator-ios";
			};
			name = Release;
		};
		BAC4373029E0FA7100C95C6D /* Debug */ = {
			isa = XCBuildConfiguration;
			buildSettings = {
				ALWAYS_EMBED_SWIFT_STANDARD_LIBRARIES = YES;
				CODE_SIGN_STYLE = Automatic;
				CURRENT_PROJECT_VERSION = 1;
				DEVELOPMENT_TEAM = CT2P7VWHVS;
				GENERATE_INFOPLIST_FILE = YES;
				MARKETING_VERSION = 1.0;
				PRODUCT_BUNDLE_IDENTIFIER = "com.kreid.authenticator-iosUITests";
				PRODUCT_NAME = "$(TARGET_NAME)";
				PROVISIONING_PROFILE = "";
				SWIFT_EMIT_LOC_STRINGS = NO;
				SWIFT_VERSION = 5.0;
				TARGETED_DEVICE_FAMILY = "1,2";
				TEST_TARGET_NAME = "authenticator-ios";
			};
			name = Debug;
		};
		BAC4373129E0FA7100C95C6D /* Release */ = {
			isa = XCBuildConfiguration;
			buildSettings = {
				ALWAYS_EMBED_SWIFT_STANDARD_LIBRARIES = YES;
				CODE_SIGN_STYLE = Automatic;
				CURRENT_PROJECT_VERSION = 1;
				DEVELOPMENT_TEAM = CT2P7VWHVS;
				GENERATE_INFOPLIST_FILE = YES;
				MARKETING_VERSION = 1.0;
				PRODUCT_BUNDLE_IDENTIFIER = "com.kreid.authenticator-iosUITests";
				PRODUCT_NAME = "$(TARGET_NAME)";
				PROVISIONING_PROFILE = "";
				SWIFT_EMIT_LOC_STRINGS = NO;
				SWIFT_VERSION = 5.0;
				TARGETED_DEVICE_FAMILY = "1,2";
				TEST_TARGET_NAME = "authenticator-ios";
			};
			name = Release;
		};
/* End XCBuildConfiguration section */

/* Begin XCConfigurationList section */
		BAC436FA29E0FA6F00C95C6D /* Build configuration list for PBXProject "authenticator-ios" */ = {
			isa = XCConfigurationList;
			buildConfigurations = (
				BAC4372729E0FA7100C95C6D /* Debug */,
				BAC4372829E0FA7100C95C6D /* Release */,
			);
			defaultConfigurationIsVisible = 0;
			defaultConfigurationName = Release;
		};
		BAC4372929E0FA7100C95C6D /* Build configuration list for PBXNativeTarget "authenticator-ios" */ = {
			isa = XCConfigurationList;
			buildConfigurations = (
				BAC4372A29E0FA7100C95C6D /* Debug */,
				BAC4372B29E0FA7100C95C6D /* Release */,
			);
			defaultConfigurationIsVisible = 0;
			defaultConfigurationName = Release;
		};
		BAC4372C29E0FA7100C95C6D /* Build configuration list for PBXNativeTarget "authenticator-iosTests" */ = {
			isa = XCConfigurationList;
			buildConfigurations = (
				BAC4372D29E0FA7100C95C6D /* Debug */,
				BAC4372E29E0FA7100C95C6D /* Release */,
			);
			defaultConfigurationIsVisible = 0;
			defaultConfigurationName = Release;
		};
		BAC4372F29E0FA7100C95C6D /* Build configuration list for PBXNativeTarget "authenticator-iosUITests" */ = {
			isa = XCConfigurationList;
			buildConfigurations = (
				BAC4373029E0FA7100C95C6D /* Debug */,
				BAC4373129E0FA7100C95C6D /* Release */,
			);
			defaultConfigurationIsVisible = 0;
			defaultConfigurationName = Release;
		};
/* End XCConfigurationList section */

/* Begin XCRemoteSwiftPackageReference section */
		BA4434D029E1E5450099CED8 /* XCRemoteSwiftPackageReference "firebase-ios-sdk" */ = {
			isa = XCRemoteSwiftPackageReference;
			repositoryURL = "https://github.com/firebase/firebase-ios-sdk";
			requirement = {
				kind = upToNextMajorVersion;
				minimumVersion = 10.0.0;
			};
		};
/* End XCRemoteSwiftPackageReference section */

/* Begin XCSwiftPackageProductDependency section */
		BA4434D129E1E5450099CED8 /* FirebaseAnalytics */ = {
			isa = XCSwiftPackageProductDependency;
			package = BA4434D029E1E5450099CED8 /* XCRemoteSwiftPackageReference "firebase-ios-sdk" */;
			productName = FirebaseAnalytics;
		};
		BA4434D329E1E5450099CED8 /* FirebaseAnalyticsSwift */ = {
			isa = XCSwiftPackageProductDependency;
			package = BA4434D029E1E5450099CED8 /* XCRemoteSwiftPackageReference "firebase-ios-sdk" */;
			productName = FirebaseAnalyticsSwift;
		};
		BA4434D529E1E5450099CED8 /* FirebaseAuth */ = {
			isa = XCSwiftPackageProductDependency;
			package = BA4434D029E1E5450099CED8 /* XCRemoteSwiftPackageReference "firebase-ios-sdk" */;
			productName = FirebaseAuth;
		};
		BA4434D729E1E5450099CED8 /* FirebaseCrashlytics */ = {
			isa = XCSwiftPackageProductDependency;
			package = BA4434D029E1E5450099CED8 /* XCRemoteSwiftPackageReference "firebase-ios-sdk" */;
			productName = FirebaseCrashlytics;
		};
		BA4434D929E1E5450099CED8 /* FirebaseDatabase */ = {
			isa = XCSwiftPackageProductDependency;
			package = BA4434D029E1E5450099CED8 /* XCRemoteSwiftPackageReference "firebase-ios-sdk" */;
			productName = FirebaseDatabase;
		};
		BA4434DB29E1E5450099CED8 /* FirebaseDatabaseSwift */ = {
			isa = XCSwiftPackageProductDependency;
			package = BA4434D029E1E5450099CED8 /* XCRemoteSwiftPackageReference "firebase-ios-sdk" */;
			productName = FirebaseDatabaseSwift;
		};
		BA4434DD29E1E5450099CED8 /* FirebaseFirestore */ = {
			isa = XCSwiftPackageProductDependency;
			package = BA4434D029E1E5450099CED8 /* XCRemoteSwiftPackageReference "firebase-ios-sdk" */;
			productName = FirebaseFirestore;
		};
		BA4434DF29E1E5450099CED8 /* FirebaseFirestoreSwift */ = {
			isa = XCSwiftPackageProductDependency;
			package = BA4434D029E1E5450099CED8 /* XCRemoteSwiftPackageReference "firebase-ios-sdk" */;
			productName = FirebaseFirestoreSwift;
		};
		BA4434E129E1E5450099CED8 /* FirebaseStorage */ = {
			isa = XCSwiftPackageProductDependency;
			package = BA4434D029E1E5450099CED8 /* XCRemoteSwiftPackageReference "firebase-ios-sdk" */;
			productName = FirebaseStorage;
		};
/* End XCSwiftPackageProductDependency section */

/* Begin XCVersionGroup section */
		BAC4370D29E0FA7100C95C6D /* authenticator_ios.xcdatamodeld */ = {
			isa = XCVersionGroup;
			children = (
				BAC4370E29E0FA7100C95C6D /* authenticator_ios.xcdatamodel */,
			);
			currentVersion = BAC4370E29E0FA7100C95C6D /* authenticator_ios.xcdatamodel */;
			path = authenticator_ios.xcdatamodeld;
			sourceTree = "<group>";
			versionGroupType = wrapper.xcdatamodel;
		};
/* End XCVersionGroup section */
	};
	rootObject = BAC436F729E0FA6F00C95C6D /* Project object */;
}
